<?xml version="1.0" encoding="UTF-8"?>
<CONFIG>
  <ProjectOptions>
    <Version Value="12"/>
    <General>
      <SessionStorage Value="InProjectDir"/>
      <AutoCreateForms Value="False"/>
      <Title Value="doors"/>
      <Scaled Value="True"/>
      <ResourceType Value="res"/>
      <UseXPManifest Value="True"/>
      <XPManifest>
        <DpiAware Value="True"/>
      </XPManifest>
      <Icon Value="0"/>
    </General>
    <BuildModes>
      <Item Name="Default" Default="True"/>
    </BuildModes>
    <PublishOptions>
      <Version Value="2"/>
      <UseFileFilters Value="True"/>
    </PublishOptions>
    <RunParams>
      <FormatVersion Value="2"/>
    </RunParams>
    <RequiredPackages>
      <Item>
        <PackageName Value="rxnew"/>
      </Item>
      <Item>
        <PackageName Value="LazControls"/>
      </Item>
      <Item>
        <PackageName Value="LazUtils"/>
      </Item>
      <Item>
        <PackageName Value="playwavepackage"/>
      </Item>
      <Item>
        <PackageName Value="bkutils"/>
      </Item>
      <Item>
        <PackageName Value="uniqueinstance_package"/>
      </Item>
      <Item>
        <PackageName Value="SQLDBLaz"/>
      </Item>
      <Item>
        <PackageName Value="FCL"/>
      </Item>
      <Item>
        <PackageName Value="MemDSLaz"/>
      </Item>
      <Item>
        <PackageName Value="laz.virtualtreeview_package"/>
      </Item>
      <Item>
        <PackageName Value="LCL"/>
      </Item>
    </RequiredPackages>
    <Units>
      <Unit>
        <Filename Value="doors.lpr"/>
        <IsPartOfProject Value="True"/>
      </Unit>
      <Unit>
        <Filename Value="umain.pas"/>
        <IsPartOfProject Value="True"/>
        <ComponentName Value="Form1"/>
        <HasResources Value="True"/>
        <ResourceBaseClass Value="Form"/>
      </Unit>
      <Unit>
        <Filename Value="uformstarter.pas"/>
        <IsPartOfProject Value="True"/>
        <ComponentName Value="formstarter"/>
        <HasResources Value="True"/>
        <ResourceBaseClass Value="Form"/>
      </Unit>
      <Unit>
        <Filename Value="uglink.pas"/>
        <IsPartOfProject Value="True"/>
        <ComponentName Value="formglink"/>
        <HasResources Value="True"/>
        <ResourceBaseClass Value="Form"/>
      </Unit>
      <Unit>
        <Filename Value="lazmqttc/tssmqttc.pas"/>
        <IsPartOfProject Value="True"/>
        <UnitName Value="TSSMQTTC"/>
      </Unit>
      <Unit>
        <Filename Value="lazmqttc/mosquitto-p/mqttclass.pas"/>
        <IsPartOfProject Value="True"/>
      </Unit>
      <Unit>
        <Filename Value="lazmqttc/units/brokerunit.pas"/>
        <IsPartOfProject Value="True"/>
      </Unit>
      <Unit>
        <Filename Value="uallog.pas"/>
        <IsPartOfProject Value="True"/>
        <ComponentName Value="formallog"/>
        <HasResources Value="True"/>
        <ResourceBaseClass Value="Form"/>
      </Unit>
      <Unit>
        <Filename Value="ualfunc.pas"/>
        <IsPartOfProject Value="True"/>
      </Unit>
      <Unit>
        <Filename Value="udtrans.pas"/>
        <IsPartOfProject Value="True"/>
        <ComponentName Value="dmmqt"/>
        <HasResources Value="True"/>
        <ResourceBaseClass Value="DataModule"/>
      </Unit>
      <Unit>
        <Filename Value="uwwcomp.pas"/>
        <IsPartOfProject Value="True"/>
        <ComponentName Value="formwwcomp"/>
        <HasResources Value="True"/>
        <ResourceBaseClass Value="Form"/>
      </Unit>
      <Unit>
        <Filename Value="uwwch.pas"/>
        <IsPartOfProject Value="True"/>
        <ComponentName Value="formwwch"/>
        <HasResources Value="True"/>
        <ResourceBaseClass Value="Form"/>
      </Unit>
      <Unit>
        <Filename Value="uwwac.pas"/>
        <IsPartOfProject Value="True"/>
        <ComponentName Value="formwwac"/>
        <HasResources Value="True"/>
        <ResourceBaseClass Value="Form"/>
      </Unit>
      <Unit>
        <Filename Value="uformhelp.pas"/>
        <IsPartOfProject Value="True"/>
        <ComponentName Value="forhelp"/>
        <HasResources Value="True"/>
        <ResourceBaseClass Value="Form"/>
      </Unit>
      <Unit>
        <Filename Value="uformalnewloc.pas"/>
        <IsPartOfProject Value="True"/>
        <ComponentName Value="formalnewloc"/>
        <HasResources Value="True"/>
        <ResourceBaseClass Value="Form"/>
      </Unit>
      <Unit>
        <Filename Value="ualnewlocsens.pas"/>
        <IsPartOfProject Value="True"/>
        <ComponentName Value="formalnewlocsens"/>
        <HasResources Value="True"/>
        <ResourceBaseClass Value="Form"/>
      </Unit>
      <Unit>
        <Filename Value="uformimportff.pas"/>
        <IsPartOfProject Value="True"/>
        <ComponentName Value="formimportff"/>
        <HasResources Value="True"/>
        <ResourceBaseClass Value="Form"/>
      </Unit>
      <Unit>
        <Filename Value="umars1.pas"/>
        <IsPartOfProject Value="True"/>
        <ComponentName Value="formmars1"/>
        <HasResources Value="True"/>
        <ResourceBaseClass Value="Form"/>
      </Unit>
      <Unit>
        <Filename Value="strtexe/uacslog.pas"/>
        <IsPartOfProject Value="True"/>
        <ComponentName Value="formacslog"/>
        <HasResources Value="True"/>
        <ResourceBaseClass Value="Form"/>
      </Unit>
      <Unit>
        <Filename Value="strtexe/usyslog.pas"/>
        <IsPartOfProject Value="True"/>
        <ComponentName Value="formsyslog"/>
        <HasResources Value="True"/>
        <ResourceBaseClass Value="Form"/>
      </Unit>
      <Unit>
        <Filename Value="strtexe/uconfs.pas"/>
        <IsPartOfProject Value="True"/>
        <ComponentName Value="formcnfs"/>
        <HasResources Value="True"/>
        <ResourceBaseClass Value="Form"/>
      </Unit>
      <Unit>
        <Filename Value="strtexe/ulocm5.pas"/>
        <IsPartOfProject Value="True"/>
        <ComponentName Value="formlocm5"/>
        <HasResources Value="True"/>
        <ResourceBaseClass Value="Form"/>
      </Unit>
      <Unit>
        <Filename Value="strtexe/uloc2.pas"/>
        <IsPartOfProject Value="True"/>
        <ComponentName Value="formloc2"/>
        <HasResources Value="True"/>
        <ResourceBaseClass Value="Form"/>
      </Unit>
      <Unit>
        <Filename Value="strtexe/uformvst2.pas"/>
        <IsPartOfProject Value="True"/>
        <ComponentName Value="formvst2"/>
        <HasResources Value="True"/>
        <ResourceBaseClass Value="Form"/>
      </Unit>
      <Unit>
        <Filename Value="strtexe/uemul.pas"/>
        <IsPartOfProject Value="True"/>
        <ComponentName Value="formemul"/>
        <HasResources Value="True"/>
        <ResourceBaseClass Value="Form"/>
      </Unit>
      <Unit>
        <Filename Value="testmenu/upanmenu.pas"/>
        <IsPartOfProject Value="True"/>
        <ComponentName Value="formpanmenu"/>
        <HasResources Value="True"/>
        <ResourceBaseClass Value="Form"/>
      </Unit>
      <Unit>
        <Filename Value="strtexe/uvdtmenu.pas"/>
        <IsPartOfProject Value="True"/>
        <ComponentName Value="formvdtmenu"/>
        <HasResources Value="True"/>
        <ResourceBaseClass Value="Form"/>
      </Unit>
      <Unit>
        <Filename Value="strtexe/ualgol.pas"/>
        <IsPartOfProject Value="True"/>
        <ComponentName Value="formalgol"/>
        <HasResources Value="True"/>
        <ResourceBaseClass Value="Form"/>
      </Unit>
      <Unit>
        <Filename Value="strtexe/uformeditch.pas"/>
        <IsPartOfProject Value="True"/>
        <ComponentName Value="formeditch"/>
        <HasResources Value="True"/>
        <ResourceBaseClass Value="Form"/>
      </Unit>
      <Unit>
        <Filename Value="strtexe/uformeditcomp.pas"/>
        <IsPartOfProject Value="True"/>
        <ComponentName Value="formeditcomp"/>
        <HasResources Value="True"/>
        <ResourceBaseClass Value="Form"/>
      </Unit>
      <Unit>
        <Filename Value="strtexe/uformedittmz.pas"/>
        <IsPartOfProject Value="True"/>
        <ComponentName Value="formedittmz"/>
        <HasResources Value="True"/>
        <ResourceBaseClass Value="Form"/>
      </Unit>
      <Unit>
        <Filename Value="strtexe/uformlistpers.pas"/>
        <IsPartOfProject Value="True"/>
        <ComponentName Value="formlistpers"/>
        <HasResources Value="True"/>
        <ResourceBaseClass Value="Form"/>
      </Unit>
    </Units>
  </ProjectOptions>
  <CompilerOptions>
    <Version Value="11"/>
    <Target>
      <Filename Value="doors"/>
    </Target>
    <SearchPaths>
      <IncludeFiles Value="$(ProjOutDir)"/>
      <OtherUnitFiles Value="lazmqttc;lazmqttc/mosquitto-p;lazmqttc/units;strtexe;testmenu"/>
      <UnitOutputDirectory Value="lib/$(TargetCPU)-$(TargetOS)"/>
    </SearchPaths>
    <Linking>
      <Debugging>
        <DebugInfoType Value="dsDwarf3"/>
      </Debugging>
      <Options>
        <Win32>
          <GraphicApplication Value="True"/>
        </Win32>
      </Options>
    </Linking>
  </CompilerOptions>
  <Debugging>
    <Exceptions>
      <Item>
        <Name Value="EAbort"/>
      </Item>
      <Item>
        <Name Value="ECodetoolError"/>
      </Item>
      <Item>
        <Name Value="EFOpenError"/>
      </Item>
    </Exceptions>
  </Debugging>
</CONFIG>
