
Microsoft Visual Studio Solution File, Format Version 12.00
Project("{FAE04EC0-301F-11D3-BF4B-00C04F79EFBC}") = "Contour", "Contour\Contour.csproj", "{CEB780DE-941A-48DF-AE4C-90A918E1A4B8}"
EndProject
Project("{FAE04EC0-301F-11D3-BF4B-00C04F79EFBC}") = "Api", "Api\Api.csproj", "{40523674-5356-437B-8AD8-3E0AC4EBBE5A}"
EndProject
Project("{FAE04EC0-301F-11D3-BF4B-00C04F79EFBC}") = "Shared", "Shared\Shared.csproj", "{CA3A037D-488E-46FF-96B4-1C7EF1501AF9}"
EndProject
Project("{FAE04EC0-301F-11D3-BF4B-00C04F79EFBC}") = "Chronicle", "Chronicle\Chronicle.csproj", "{728C2697-204E-49B1-B60E-B08997CC943B}"
EndProject
Project("{FAE04EC0-301F-11D3-BF4B-00C04F79EFBC}") = "Logic", "Logic\Logic.csproj", "{670E8F5C-1498-46B1-801B-AE799DF49AD7}"
EndProject
Project("{FAE04EC0-301F-11D3-BF4B-00C04F79EFBC}") = "Contour.Tests", "Contour.Tests\Contour.Tests.csproj", "{9AB6CB9B-9EBF-41C2-A7CF-10C4B9E9A289}"
EndProject
Project("{FAE04EC0-301F-11D3-BF4B-00C04F79EFBC}") = "Contour.Client", "Contour.Client\Contour.Client.csproj", "{E2A95FC7-0987-4E0B-87F4-01334EB9882A}"
EndProject
Project("{FAE04EC0-301F-11D3-BF4B-00C04F79EFBC}") = "Shared.Api", "Shared.Api\Shared.Api.csproj", "{72602BB5-06A2-4646-9579-FE07301E911D}"
EndProject
Project("{FAE04EC0-301F-11D3-BF4B-00C04F79EFBC}") = "Shared.Db", "Shared.Db\Shared.Db.csproj", "{CC7AC31F-DE3D-48FA-B40C-6B81E2CE1CE8}"
EndProject
Project("{FAE04EC0-301F-11D3-BF4B-00C04F79EFBC}") = "Contour.Model", "Contour.Model\Contour.Model.csproj", "{82FDF575-33E7-43B9-B767-1FC8E2C92D27}"
EndProject
Project("{FAE04EC0-301F-11D3-BF4B-00C04F79EFBC}") = "Shared.Tests", "Shared.Tests\Shared.Tests.csproj", "{8A617AE9-18DC-4E51-967A-1E325A6123A7}"
EndProject
Project("{2150E333-8FDC-42A3-9474-1A3956D46DE8}") = "Misc", "Misc", "{152C81E3-0F80-4B83-B833-4B7544983EBB}"
	ProjectSection(SolutionItems) = preProject
		.editorconfig = .editorconfig
		.gitignore = .gitignore
		Directory.Build.props = Directory.Build.props
		..\readme.md = ..\readme.md
		..\docker.ps1 = ..\docker.ps1
		..\Dockerfile = ..\Dockerfile
		..\install.ps1 = ..\install.ps1
		..\docker-compose.base.yml = ..\docker-compose.base.yml
	EndProjectSection
EndProject
Project("{FAE04EC0-301F-11D3-BF4B-00C04F79EFBC}") = "Shared.App", "Shared.App\Shared.App.csproj", "{A521F739-496E-4802-BD2F-F0729A90B487}"
EndProject
Project("{FAE04EC0-301F-11D3-BF4B-00C04F79EFBC}") = "Contour.Component", "Contour.Component\Contour.Component.csproj", "{95104196-9C35-4EA0-BE30-E6F711A06B51}"
EndProject
Project("{FAE04EC0-301F-11D3-BF4B-00C04F79EFBC}") = "Logic.Component", "Logic.Component\Logic.Component.csproj", "{190ACA23-D0B7-4817-821C-E5ED03C4D056}"
EndProject
Project("{FAE04EC0-301F-11D3-BF4B-00C04F79EFBC}") = "Logic.Tests", "Logic.Tests\Logic.Tests.csproj", "{5693291A-D0AC-4BAD-9281-D6FED998ACE9}"
EndProject
Project("{FAE04EC0-301F-11D3-BF4B-00C04F79EFBC}") = "Logic.Model", "Logic.Model\Logic.Model.csproj", "{72D82103-FAC7-4982-B9EC-384277B6CB34}"
EndProject
Project("{FAE04EC0-301F-11D3-BF4B-00C04F79EFBC}") = "Logic.Client", "Logic.Client\Logic.Client.csproj", "{2BCDC8D4-03B9-444B-A5C8-E0139BAFA883}"
EndProject
Project("{FAE04EC0-301F-11D3-BF4B-00C04F79EFBC}") = "Atlas", "Atlas\Atlas.csproj", "{83C10F36-8EE6-4EB4-8324-3149E4661B82}"
EndProject
Project("{FAE04EC0-301F-11D3-BF4B-00C04F79EFBC}") = "Atlas.Component", "Atlas.Component\Atlas.Component.csproj", "{8E9F2D81-7490-4712-9F41-1F76ABA0ABD8}"
EndProject
Project("{FAE04EC0-301F-11D3-BF4B-00C04F79EFBC}") = "Atlas.Model", "Atlas.Model\Atlas.Model.csproj", "{174CE80A-50D7-4093-82A9-F607D2B5DABF}"
EndProject
Project("{FAE04EC0-301F-11D3-BF4B-00C04F79EFBC}") = "Atlas.Client", "Atlas.Client\Atlas.Client.csproj", "{9195CE12-1095-49BC-B789-179EFC768E11}"
EndProject
Project("{FAE04EC0-301F-11D3-BF4B-00C04F79EFBC}") = "Atlas.Tests", "Atlas.Tests\Atlas.Tests.csproj", "{13707397-D205-41E7-A9DE-A656498D658F}"
EndProject
Project("{FAE04EC0-301F-11D3-BF4B-00C04F79EFBC}") = "Navigator", "Navigator\Navigator.csproj", "{E2183D5E-8C19-44A1-B07C-66D1983887AB}"
EndProject
Project("{FAE04EC0-301F-11D3-BF4B-00C04F79EFBC}") = "Navigator.Model", "Navigator.Model\Navigator.Model.csproj", "{5E8106C7-A080-4EAB-8245-90E0978838C9}"
EndProject
Project("{FAE04EC0-301F-11D3-BF4B-00C04F79EFBC}") = "Navigator.Client", "Navigator.Client\Navigator.Client.csproj", "{ACEE5A18-9924-4930-9092-BBDF79B2B17F}"
EndProject
Project("{FAE04EC0-301F-11D3-BF4B-00C04F79EFBC}") = "Navigator.Component", "Navigator.Component\Navigator.Component.csproj", "{A9BA6B40-4745-4155-BAF1-C0F09293C16D}"
EndProject
Project("{FAE04EC0-301F-11D3-BF4B-00C04F79EFBC}") = "Navigator.Tests", "Navigator.Tests\Navigator.Tests.csproj", "{D90D0A98-2024-4076-88A3-BA6360EEFAC6}"
EndProject
Project("{FAE04EC0-301F-11D3-BF4B-00C04F79EFBC}") = "Chronicle.Model", "Chronicle.Model\Chronicle.Model.csproj", "{732DEB26-4F24-4E91-9D39-7DFA773C9933}"
EndProject
Project("{FAE04EC0-301F-11D3-BF4B-00C04F79EFBC}") = "Chronicle.Client", "Chronicle.Client\Chronicle.Client.csproj", "{9692AA03-5F6A-41A4-87C3-C7A43DA9C5A8}"
EndProject
Project("{FAE04EC0-301F-11D3-BF4B-00C04F79EFBC}") = "Chronicle.Tests", "Chronicle.Tests\Chronicle.Tests.csproj", "{97BB3B33-D7DC-4703-9F10-6DA65E36E5B2}"
EndProject
Global
	GlobalSection(SolutionConfigurationPlatforms) = preSolution
		Debug|Any CPU = Debug|Any CPU
		Release|Any CPU = Release|Any CPU
	EndGlobalSection
	GlobalSection(ProjectConfigurationPlatforms) = postSolution
		{CEB780DE-941A-48DF-AE4C-90A918E1A4B8}.Debug|Any CPU.ActiveCfg = Debug|Any CPU
		{CEB780DE-941A-48DF-AE4C-90A918E1A4B8}.Debug|Any CPU.Build.0 = Debug|Any CPU
		{CEB780DE-941A-48DF-AE4C-90A918E1A4B8}.Release|Any CPU.ActiveCfg = Release|Any CPU
		{CEB780DE-941A-48DF-AE4C-90A918E1A4B8}.Release|Any CPU.Build.0 = Release|Any CPU
		{40523674-5356-437B-8AD8-3E0AC4EBBE5A}.Debug|Any CPU.ActiveCfg = Debug|Any CPU
		{40523674-5356-437B-8AD8-3E0AC4EBBE5A}.Debug|Any CPU.Build.0 = Debug|Any CPU
		{40523674-5356-437B-8AD8-3E0AC4EBBE5A}.Release|Any CPU.ActiveCfg = Release|Any CPU
		{40523674-5356-437B-8AD8-3E0AC4EBBE5A}.Release|Any CPU.Build.0 = Release|Any CPU
		{CA3A037D-488E-46FF-96B4-1C7EF1501AF9}.Debug|Any CPU.ActiveCfg = Debug|Any CPU
		{CA3A037D-488E-46FF-96B4-1C7EF1501AF9}.Debug|Any CPU.Build.0 = Debug|Any CPU
		{CA3A037D-488E-46FF-96B4-1C7EF1501AF9}.Release|Any CPU.ActiveCfg = Release|Any CPU
		{CA3A037D-488E-46FF-96B4-1C7EF1501AF9}.Release|Any CPU.Build.0 = Release|Any CPU
		{728C2697-204E-49B1-B60E-B08997CC943B}.Debug|Any CPU.ActiveCfg = Debug|Any CPU
		{728C2697-204E-49B1-B60E-B08997CC943B}.Debug|Any CPU.Build.0 = Debug|Any CPU
		{728C2697-204E-49B1-B60E-B08997CC943B}.Release|Any CPU.ActiveCfg = Release|Any CPU
		{728C2697-204E-49B1-B60E-B08997CC943B}.Release|Any CPU.Build.0 = Release|Any CPU
		{670E8F5C-1498-46B1-801B-AE799DF49AD7}.Debug|Any CPU.ActiveCfg = Debug|Any CPU
		{670E8F5C-1498-46B1-801B-AE799DF49AD7}.Debug|Any CPU.Build.0 = Debug|Any CPU
		{670E8F5C-1498-46B1-801B-AE799DF49AD7}.Release|Any CPU.ActiveCfg = Release|Any CPU
		{670E8F5C-1498-46B1-801B-AE799DF49AD7}.Release|Any CPU.Build.0 = Release|Any CPU
		{9AB6CB9B-9EBF-41C2-A7CF-10C4B9E9A289}.Debug|Any CPU.ActiveCfg = Debug|Any CPU
		{9AB6CB9B-9EBF-41C2-A7CF-10C4B9E9A289}.Debug|Any CPU.Build.0 = Debug|Any CPU
		{9AB6CB9B-9EBF-41C2-A7CF-10C4B9E9A289}.Release|Any CPU.ActiveCfg = Release|Any CPU
		{9AB6CB9B-9EBF-41C2-A7CF-10C4B9E9A289}.Release|Any CPU.Build.0 = Release|Any CPU
		{E2A95FC7-0987-4E0B-87F4-01334EB9882A}.Debug|Any CPU.ActiveCfg = Debug|Any CPU
		{E2A95FC7-0987-4E0B-87F4-01334EB9882A}.Debug|Any CPU.Build.0 = Debug|Any CPU
		{E2A95FC7-0987-4E0B-87F4-01334EB9882A}.Release|Any CPU.ActiveCfg = Release|Any CPU
		{E2A95FC7-0987-4E0B-87F4-01334EB9882A}.Release|Any CPU.Build.0 = Release|Any CPU
		{72602BB5-06A2-4646-9579-FE07301E911D}.Debug|Any CPU.ActiveCfg = Debug|Any CPU
		{72602BB5-06A2-4646-9579-FE07301E911D}.Debug|Any CPU.Build.0 = Debug|Any CPU
		{72602BB5-06A2-4646-9579-FE07301E911D}.Release|Any CPU.ActiveCfg = Release|Any CPU
		{72602BB5-06A2-4646-9579-FE07301E911D}.Release|Any CPU.Build.0 = Release|Any CPU
		{CC7AC31F-DE3D-48FA-B40C-6B81E2CE1CE8}.Debug|Any CPU.ActiveCfg = Debug|Any CPU
		{CC7AC31F-DE3D-48FA-B40C-6B81E2CE1CE8}.Debug|Any CPU.Build.0 = Debug|Any CPU
		{CC7AC31F-DE3D-48FA-B40C-6B81E2CE1CE8}.Release|Any CPU.ActiveCfg = Release|Any CPU
		{CC7AC31F-DE3D-48FA-B40C-6B81E2CE1CE8}.Release|Any CPU.Build.0 = Release|Any CPU
		{82FDF575-33E7-43B9-B767-1FC8E2C92D27}.Debug|Any CPU.ActiveCfg = Debug|Any CPU
		{82FDF575-33E7-43B9-B767-1FC8E2C92D27}.Debug|Any CPU.Build.0 = Debug|Any CPU
		{82FDF575-33E7-43B9-B767-1FC8E2C92D27}.Release|Any CPU.ActiveCfg = Release|Any CPU
		{82FDF575-33E7-43B9-B767-1FC8E2C92D27}.Release|Any CPU.Build.0 = Release|Any CPU
		{8A617AE9-18DC-4E51-967A-1E325A6123A7}.Debug|Any CPU.ActiveCfg = Debug|Any CPU
		{8A617AE9-18DC-4E51-967A-1E325A6123A7}.Debug|Any CPU.Build.0 = Debug|Any CPU
		{8A617AE9-18DC-4E51-967A-1E325A6123A7}.Release|Any CPU.ActiveCfg = Release|Any CPU
		{8A617AE9-18DC-4E51-967A-1E325A6123A7}.Release|Any CPU.Build.0 = Release|Any CPU
		{A521F739-496E-4802-BD2F-F0729A90B487}.Debug|Any CPU.ActiveCfg = Debug|Any CPU
		{A521F739-496E-4802-BD2F-F0729A90B487}.Debug|Any CPU.Build.0 = Debug|Any CPU
		{A521F739-496E-4802-BD2F-F0729A90B487}.Release|Any CPU.ActiveCfg = Release|Any CPU
		{A521F739-496E-4802-BD2F-F0729A90B487}.Release|Any CPU.Build.0 = Release|Any CPU
		{95104196-9C35-4EA0-BE30-E6F711A06B51}.Debug|Any CPU.ActiveCfg = Debug|Any CPU
		{95104196-9C35-4EA0-BE30-E6F711A06B51}.Debug|Any CPU.Build.0 = Debug|Any CPU
		{95104196-9C35-4EA0-BE30-E6F711A06B51}.Release|Any CPU.ActiveCfg = Release|Any CPU
		{95104196-9C35-4EA0-BE30-E6F711A06B51}.Release|Any CPU.Build.0 = Release|Any CPU
		{190ACA23-D0B7-4817-821C-E5ED03C4D056}.Debug|Any CPU.ActiveCfg = Debug|Any CPU
		{190ACA23-D0B7-4817-821C-E5ED03C4D056}.Debug|Any CPU.Build.0 = Debug|Any CPU
		{190ACA23-D0B7-4817-821C-E5ED03C4D056}.Release|Any CPU.ActiveCfg = Release|Any CPU
		{190ACA23-D0B7-4817-821C-E5ED03C4D056}.Release|Any CPU.Build.0 = Release|Any CPU
		{5693291A-D0AC-4BAD-9281-D6FED998ACE9}.Debug|Any CPU.ActiveCfg = Debug|Any CPU
		{5693291A-D0AC-4BAD-9281-D6FED998ACE9}.Debug|Any CPU.Build.0 = Debug|Any CPU
		{5693291A-D0AC-4BAD-9281-D6FED998ACE9}.Release|Any CPU.ActiveCfg = Release|Any CPU
		{5693291A-D0AC-4BAD-9281-D6FED998ACE9}.Release|Any CPU.Build.0 = Release|Any CPU
		{72D82103-FAC7-4982-B9EC-384277B6CB34}.Debug|Any CPU.ActiveCfg = Debug|Any CPU
		{72D82103-FAC7-4982-B9EC-384277B6CB34}.Debug|Any CPU.Build.0 = Debug|Any CPU
		{72D82103-FAC7-4982-B9EC-384277B6CB34}.Release|Any CPU.ActiveCfg = Release|Any CPU
		{72D82103-FAC7-4982-B9EC-384277B6CB34}.Release|Any CPU.Build.0 = Release|Any CPU
		{2BCDC8D4-03B9-444B-A5C8-E0139BAFA883}.Debug|Any CPU.ActiveCfg = Debug|Any CPU
		{2BCDC8D4-03B9-444B-A5C8-E0139BAFA883}.Debug|Any CPU.Build.0 = Debug|Any CPU
		{2BCDC8D4-03B9-444B-A5C8-E0139BAFA883}.Release|Any CPU.ActiveCfg = Release|Any CPU
		{2BCDC8D4-03B9-444B-A5C8-E0139BAFA883}.Release|Any CPU.Build.0 = Release|Any CPU
		{83C10F36-8EE6-4EB4-8324-3149E4661B82}.Debug|Any CPU.ActiveCfg = Debug|Any CPU
		{83C10F36-8EE6-4EB4-8324-3149E4661B82}.Debug|Any CPU.Build.0 = Debug|Any CPU
		{83C10F36-8EE6-4EB4-8324-3149E4661B82}.Release|Any CPU.ActiveCfg = Release|Any CPU
		{83C10F36-8EE6-4EB4-8324-3149E4661B82}.Release|Any CPU.Build.0 = Release|Any CPU
		{8E9F2D81-7490-4712-9F41-1F76ABA0ABD8}.Debug|Any CPU.ActiveCfg = Debug|Any CPU
		{8E9F2D81-7490-4712-9F41-1F76ABA0ABD8}.Debug|Any CPU.Build.0 = Debug|Any CPU
		{8E9F2D81-7490-4712-9F41-1F76ABA0ABD8}.Release|Any CPU.ActiveCfg = Release|Any CPU
		{8E9F2D81-7490-4712-9F41-1F76ABA0ABD8}.Release|Any CPU.Build.0 = Release|Any CPU
		{174CE80A-50D7-4093-82A9-F607D2B5DABF}.Debug|Any CPU.ActiveCfg = Debug|Any CPU
		{174CE80A-50D7-4093-82A9-F607D2B5DABF}.Debug|Any CPU.Build.0 = Debug|Any CPU
		{174CE80A-50D7-4093-82A9-F607D2B5DABF}.Release|Any CPU.ActiveCfg = Release|Any CPU
		{174CE80A-50D7-4093-82A9-F607D2B5DABF}.Release|Any CPU.Build.0 = Release|Any CPU
		{9195CE12-1095-49BC-B789-179EFC768E11}.Debug|Any CPU.ActiveCfg = Debug|Any CPU
		{9195CE12-1095-49BC-B789-179EFC768E11}.Debug|Any CPU.Build.0 = Debug|Any CPU
		{9195CE12-1095-49BC-B789-179EFC768E11}.Release|Any CPU.ActiveCfg = Release|Any CPU
		{9195CE12-1095-49BC-B789-179EFC768E11}.Release|Any CPU.Build.0 = Release|Any CPU
		{13707397-D205-41E7-A9DE-A656498D658F}.Debug|Any CPU.ActiveCfg = Debug|Any CPU
		{13707397-D205-41E7-A9DE-A656498D658F}.Debug|Any CPU.Build.0 = Debug|Any CPU
		{13707397-D205-41E7-A9DE-A656498D658F}.Release|Any CPU.ActiveCfg = Release|Any CPU
		{13707397-D205-41E7-A9DE-A656498D658F}.Release|Any CPU.Build.0 = Release|Any CPU
		{E2183D5E-8C19-44A1-B07C-66D1983887AB}.Debug|Any CPU.ActiveCfg = Debug|Any CPU
		{E2183D5E-8C19-44A1-B07C-66D1983887AB}.Debug|Any CPU.Build.0 = Debug|Any CPU
		{E2183D5E-8C19-44A1-B07C-66D1983887AB}.Release|Any CPU.ActiveCfg = Release|Any CPU
		{E2183D5E-8C19-44A1-B07C-66D1983887AB}.Release|Any CPU.Build.0 = Release|Any CPU
		{5E8106C7-A080-4EAB-8245-90E0978838C9}.Debug|Any CPU.ActiveCfg = Debug|Any CPU
		{5E8106C7-A080-4EAB-8245-90E0978838C9}.Debug|Any CPU.Build.0 = Debug|Any CPU
		{5E8106C7-A080-4EAB-8245-90E0978838C9}.Release|Any CPU.ActiveCfg = Release|Any CPU
		{5E8106C7-A080-4EAB-8245-90E0978838C9}.Release|Any CPU.Build.0 = Release|Any CPU
		{ACEE5A18-9924-4930-9092-BBDF79B2B17F}.Debug|Any CPU.ActiveCfg = Debug|Any CPU
		{ACEE5A18-9924-4930-9092-BBDF79B2B17F}.Debug|Any CPU.Build.0 = Debug|Any CPU
		{ACEE5A18-9924-4930-9092-BBDF79B2B17F}.Release|Any CPU.ActiveCfg = Release|Any CPU
		{ACEE5A18-9924-4930-9092-BBDF79B2B17F}.Release|Any CPU.Build.0 = Release|Any CPU
		{A9BA6B40-4745-4155-BAF1-C0F09293C16D}.Debug|Any CPU.ActiveCfg = Debug|Any CPU
		{A9BA6B40-4745-4155-BAF1-C0F09293C16D}.Debug|Any CPU.Build.0 = Debug|Any CPU
		{A9BA6B40-4745-4155-BAF1-C0F09293C16D}.Release|Any CPU.ActiveCfg = Release|Any CPU
		{A9BA6B40-4745-4155-BAF1-C0F09293C16D}.Release|Any CPU.Build.0 = Release|Any CPU
		{D90D0A98-2024-4076-88A3-BA6360EEFAC6}.Debug|Any CPU.ActiveCfg = Debug|Any CPU
		{D90D0A98-2024-4076-88A3-BA6360EEFAC6}.Debug|Any CPU.Build.0 = Debug|Any CPU
		{D90D0A98-2024-4076-88A3-BA6360EEFAC6}.Release|Any CPU.ActiveCfg = Release|Any CPU
		{D90D0A98-2024-4076-88A3-BA6360EEFAC6}.Release|Any CPU.Build.0 = Release|Any CPU
		{732DEB26-4F24-4E91-9D39-7DFA773C9933}.Debug|Any CPU.ActiveCfg = Debug|Any CPU
		{732DEB26-4F24-4E91-9D39-7DFA773C9933}.Debug|Any CPU.Build.0 = Debug|Any CPU
		{732DEB26-4F24-4E91-9D39-7DFA773C9933}.Release|Any CPU.ActiveCfg = Release|Any CPU
		{732DEB26-4F24-4E91-9D39-7DFA773C9933}.Release|Any CPU.Build.0 = Release|Any CPU
		{9692AA03-5F6A-41A4-87C3-C7A43DA9C5A8}.Debug|Any CPU.ActiveCfg = Debug|Any CPU
		{9692AA03-5F6A-41A4-87C3-C7A43DA9C5A8}.Debug|Any CPU.Build.0 = Debug|Any CPU
		{9692AA03-5F6A-41A4-87C3-C7A43DA9C5A8}.Release|Any CPU.ActiveCfg = Release|Any CPU
		{9692AA03-5F6A-41A4-87C3-C7A43DA9C5A8}.Release|Any CPU.Build.0 = Release|Any CPU
		{97BB3B33-D7DC-4703-9F10-6DA65E36E5B2}.Debug|Any CPU.ActiveCfg = Debug|Any CPU
		{97BB3B33-D7DC-4703-9F10-6DA65E36E5B2}.Debug|Any CPU.Build.0 = Debug|Any CPU
		{97BB3B33-D7DC-4703-9F10-6DA65E36E5B2}.Release|Any CPU.ActiveCfg = Release|Any CPU
		{97BB3B33-D7DC-4703-9F10-6DA65E36E5B2}.Release|Any CPU.Build.0 = Release|Any CPU
	EndGlobalSection
EndGlobal
