Microsoft Visual Studio Solution File, Format Version 12.00
Project("{2150E333-8FDC-42A3-9474-1A3956D46DE8}") = "Misc", "Misc", "{152C81E3-0F80-4B83-B833-4B7544983EBB}"
	ProjectSection(SolutionItems) = preProject
		.editorconfig = .editorconfig
		.gitignore = .gitignore
		Directory.Build.props = Directory.Build.props
		..\readme.md = ..\readme.md
		..\docker.ps1 = ..\docker.ps1
		..\Dockerfile = ..\Dockerfile
		..\install.ps1 = ..\install.ps1
		..\docker-compose.base.yml = ..\docker-compose.base.yml
		..\migrations\schema.generated.sql = ..\migrations\schema.generated.sql
		..\migrations\create-acs-db.bat = ..\migrations\create-acs-db.bat
		..\migrations\create-acs-db.sh = ..\migrations\create-acs-db.sh
		..\migrations\recreate-acs-db.bat = ..\migrations\recreate-acs-db.bat
		..\migrations\recreate-acs-db.sh = ..\migrations\recreate-acs-db.sh
	EndProjectSection
EndProject
Project("{2150E333-8FDC-42A3-9474-1A3956D46DE8}") = "Shared", "Shared", "{C0229C78-FD7A-4142-877A-A09620D2A73D}"
EndProject
Project("{FAE04EC0-301F-11D3-BF4B-00C04F79EFBC}") = "Shared", "Shared\Shared.csproj", "{68F41728-25B9-4D52-A3A2-A60F27FB146B}"
EndProject
Project("{FAE04EC0-301F-11D3-BF4B-00C04F79EFBC}") = "Shared.Api", "Shared.Api\Shared.Api.csproj", "{5E5F598B-9D57-4D4F-ACAE-58E94C996D95}"
EndProject
Project("{FAE04EC0-301F-11D3-BF4B-00C04F79EFBC}") = "Shared.App", "Shared.App\Shared.App.csproj", "{A4314153-2415-43C6-8996-2B276733C7F0}"
EndProject
Project("{FAE04EC0-301F-11D3-BF4B-00C04F79EFBC}") = "Shared.Db", "Shared.Db\Shared.Db.csproj", "{BFDB1A0E-C24F-4B29-ABBD-71767FC5CB88}"
EndProject
Project("{FAE04EC0-301F-11D3-BF4B-00C04F79EFBC}") = "Shared.Tests.Base", "Shared.Tests.Base\Shared.Tests.Base.csproj", "{1734E76D-4FAB-4CF8-8FE4-F84A51913DEF}"
EndProject
Project("{2150E333-8FDC-42A3-9474-1A3956D46DE8}") = "Contour", "Contour", "{99AFF414-5249-4007-BA07-29D27F85042E}"
EndProject
Project("{FAE04EC0-301F-11D3-BF4B-00C04F79EFBC}") = "Contour", "Contour\Contour.csproj", "{197CC97C-98CA-492A-83FE-17B076FAA91D}"
EndProject
Project("{FAE04EC0-301F-11D3-BF4B-00C04F79EFBC}") = "Contour.Client", "Contour.Client\Contour.Client.csproj", "{38951015-6A1A-47DF-AD79-D5E68671F994}"
EndProject
Project("{FAE04EC0-301F-11D3-BF4B-00C04F79EFBC}") = "Contour.Component", "Contour.Component\Contour.Component.csproj", "{36C835E5-3B1B-40EB-A876-CB58A241767D}"
EndProject
Project("{FAE04EC0-301F-11D3-BF4B-00C04F79EFBC}") = "Contour.Model", "Contour.Model\Contour.Model.csproj", "{5C4A237F-39CD-4C11-8D3B-CFEF87958624}"
EndProject
Project("{FAE04EC0-301F-11D3-BF4B-00C04F79EFBC}") = "Contour.Tests", "Contour.Tests\Contour.Tests.csproj", "{2D2FACAE-8527-417C-8D05-D73042B7C10F}"
EndProject
Project("{2150E333-8FDC-42A3-9474-1A3956D46DE8}") = "Atlas", "Atlas", "{D9C435E1-85C4-4C01-94D0-5056E319A7F2}"
EndProject
Project("{FAE04EC0-301F-11D3-BF4B-00C04F79EFBC}") = "Atlas", "Atlas\Atlas.csproj", "{309CF1C1-26C5-4360-9302-00324A644160}"
EndProject
Project("{FAE04EC0-301F-11D3-BF4B-00C04F79EFBC}") = "Atlas.Client", "Atlas.Client\Atlas.Client.csproj", "{FFA46BA0-2EA7-4595-8717-DE92A98EFF21}"
EndProject
Project("{FAE04EC0-301F-11D3-BF4B-00C04F79EFBC}") = "Atlas.Component", "Atlas.Component\Atlas.Component.csproj", "{82FC5EB3-9AE9-4BB6-8CDC-B5F95948915B}"
EndProject
Project("{FAE04EC0-301F-11D3-BF4B-00C04F79EFBC}") = "Atlas.Model", "Atlas.Model\Atlas.Model.csproj", "{50637CE7-22A8-4574-B43F-497FF888D7C1}"
EndProject
Project("{FAE04EC0-301F-11D3-BF4B-00C04F79EFBC}") = "Atlas.Tests", "Atlas.Tests\Atlas.Tests.csproj", "{7F1F5506-0582-4243-A1E3-DCBF0DA2ABFF}"
EndProject
Project("{2150E333-8FDC-42A3-9474-1A3956D46DE8}") = "Codex", "Codex", "{25FF698D-7DBC-406F-B8E9-265196093EB1}"
EndProject
Project("{FAE04EC0-301F-11D3-BF4B-00C04F79EFBC}") = "Codex", "Codex\Codex.csproj", "{F3B53992-7224-46F5-997C-85DFADDF812B}"
EndProject
Project("{FAE04EC0-301F-11D3-BF4B-00C04F79EFBC}") = "Codex.Client", "Codex.Client\Codex.Client.csproj", "{B16B67EB-C397-45CA-957B-25F9517D12CD}"
EndProject
Project("{FAE04EC0-301F-11D3-BF4B-00C04F79EFBC}") = "Codex.Component", "Codex.Component\Codex.Component.csproj", "{8860B1C2-EB33-4902-BD6E-A4DA5E966050}"
EndProject
Project("{FAE04EC0-301F-11D3-BF4B-00C04F79EFBC}") = "Codex.Model", "Codex.Model\Codex.Model.csproj", "{AC59EB90-E6A8-4EB6-B648-4EB06E3A3B9C}"
EndProject
Project("{FAE04EC0-301F-11D3-BF4B-00C04F79EFBC}") = "Codex.Tests", "Codex.Tests\Codex.Tests.csproj", "{82281A3E-269B-483B-9190-0F75D1642332}"
EndProject
Project("{2150E333-8FDC-42A3-9474-1A3956D46DE8}") = "Actor", "Actor", "{3BC75250-4370-4FB9-950B-8C299BCDFA93}"
EndProject
Project("{FAE04EC0-301F-11D3-BF4B-00C04F79EFBC}") = "Actor", "Actor\Actor.csproj", "{2A0CB2C4-8BB6-4316-AC1C-9155594396A1}"
EndProject
Project("{FAE04EC0-301F-11D3-BF4B-00C04F79EFBC}") = "Actor.Client", "Actor.Client\Actor.Client.csproj", "{F50C5919-3CF3-4900-93F9-53366C8A485F}"
EndProject
Project("{FAE04EC0-301F-11D3-BF4B-00C04F79EFBC}") = "Actor.Model", "Actor.Model\Actor.Model.csproj", "{1F886124-5740-46DF-9558-B52A6092EA2E}"
EndProject
Project("{FAE04EC0-301F-11D3-BF4B-00C04F79EFBC}") = "Actor.Tests", "Actor.Tests\Actor.Tests.csproj", "{782F4E38-DB1C-4037-8DC9-D6A07F4D9E9D}"
EndProject
Project("{2150E333-8FDC-42A3-9474-1A3956D46DE8}") = "Chronicle", "Chronicle", "{E3FD5CB8-5005-4AE0-9668-140416108CBF}"
EndProject
Project("{FAE04EC0-301F-11D3-BF4B-00C04F79EFBC}") = "Chronicle", "Chronicle\Chronicle.csproj", "{8D9D9DB5-1AAF-49B6-A5F5-F36F24FC1D50}"
EndProject
Project("{FAE04EC0-301F-11D3-BF4B-00C04F79EFBC}") = "Chronicle.Client", "Chronicle.Client\Chronicle.Client.csproj", "{ADF5D9ED-CFC3-4BB3-9B37-BACA1AA1E9E9}"
EndProject
Project("{FAE04EC0-301F-11D3-BF4B-00C04F79EFBC}") = "Chronicle.Tests", "Chronicle.Tests\Chronicle.Tests.csproj", "{0E9F5E6A-4B6A-43E0-85A1-4CBD5E4BAD96}"
EndProject
Project("{FAE04EC0-301F-11D3-BF4B-00C04F79EFBC}") = "Chronicle.Model", "Chronicle.Model\Chronicle.Model.csproj", "{C5ADF990-A734-41E3-9398-3A4EB3AF39D2}"
EndProject
Project("{2150E333-8FDC-42A3-9474-1A3956D46DE8}") = "Api", "Api", "{93A59DC3-2D17-4E25-BA09-9FD4777007AF}"
EndProject
Project("{FAE04EC0-301F-11D3-BF4B-00C04F79EFBC}") = "Api", "Api\Api.csproj", "{43A76940-BED5-4D78-9B2A-CB055B25B2DE}"
EndProject
Project("{2150E333-8FDC-42A3-9474-1A3956D46DE8}") = "Logic", "Logic", "{42D98721-AE72-4E68-B2A2-D258D81A4037}"
EndProject
Project("{FAE04EC0-301F-11D3-BF4B-00C04F79EFBC}") = "Logic", "Logic\Logic.csproj", "{2846A21C-B440-4E66-9FA2-2136D6CD205E}"
EndProject
Project("{FAE04EC0-301F-11D3-BF4B-00C04F79EFBC}") = "Logic.Client", "Logic.Client\Logic.Client.csproj", "{EDD5F6A8-F65E-4FF3-9045-1802F445CAC0}"
EndProject
Project("{FAE04EC0-301F-11D3-BF4B-00C04F79EFBC}") = "Logic.Component", "Logic.Component\Logic.Component.csproj", "{BA3042A3-9598-4AFB-BEAA-187ADE524C1E}"
EndProject
Project("{FAE04EC0-301F-11D3-BF4B-00C04F79EFBC}") = "Logic.Model", "Logic.Model\Logic.Model.csproj", "{56A29524-8C49-4EC8-B299-CC35500DFB71}"
EndProject
Project("{FAE04EC0-301F-11D3-BF4B-00C04F79EFBC}") = "Logic.Tests", "Logic.Tests\Logic.Tests.csproj", "{AEB198E0-C07B-4F62-AECA-C5C716C26F85}"
EndProject
Project("{2150E333-8FDC-42A3-9474-1A3956D46DE8}") = "Infra", "Infra", "{C94105A3-0BD8-4A42-8F87-684EF67A9746}"
EndProject
Project("{FAE04EC0-301F-11D3-BF4B-00C04F79EFBC}") = "Infra.Tests", "Infra.Tests\Infra.Tests.csproj", "{5E748DC7-C52B-4428-9605-2FF2258503B3}"
EndProject
Project("{FAE04EC0-301F-11D3-BF4B-00C04F79EFBC}") = "Monolith", "Monolith\Monolith.csproj", "{8A2523E9-D1FE-45CA-B1C4-EFC5049C8F78}"
EndProject
Project("{FAE04EC0-301F-11D3-BF4B-00C04F79EFBC}") = "Shared.Client", "Shared.Client\Shared.Client.csproj", "{E50BC64A-18F3-47CC-9DC5-55B86F4FC36D}"
EndProject
Project("{FAE04EC0-301F-11D3-BF4B-00C04F79EFBC}") = "Shared.Proto", "Shared.Proto\Shared.Proto.csproj", "{EEF2A3F8-F88D-4F7F-951F-F914DC47C7F1}"
EndProject
Project("{FAE04EC0-301F-11D3-BF4B-00C04F79EFBC}") = "Infra.Db.Postgres.Tests", "Infra.Db.Postgres.Tests\Infra.Db.Postgres.Tests.csproj", "{D33EB324-6E2A-4F9A-9C02-470CAF77E3D7}"
EndProject
Project("{FAE04EC0-301F-11D3-BF4B-00C04F79EFBC}") = "Shared.Db.Tool", "Shared.Db.Tool\Shared.Db.Tool.csproj", "{B2FFBDF4-A7AE-45EA-9628-8D29B530C808}"
EndProject
Project("{FAE04EC0-301F-11D3-BF4B-00C04F79EFBC}") = "Infra.Db.Postgres", "Infra.Db.Postgres\Infra.Db.Postgres.csproj", "{B7B09539-5E6D-41D5-988C-AFE76E6FCBA3}"
EndProject
Project("{FAE04EC0-301F-11D3-BF4B-00C04F79EFBC}") = "Infra.Db.Common", "Infra.Db.Common\Infra.Db.Common.csproj", "{77DD9C87-89DB-46D1-AE49-7B0F4201D8C4}"
EndProject
Project("{FAE04EC0-301F-11D3-BF4B-00C04F79EFBC}") = "Infra.Db.Firebird", "Infra.Db.Firebird\Infra.Db.Firebird.csproj", "{A22C13D6-FCE7-4AAD-9C62-0A864AC2CF7E}"
EndProject
Project("{FAE04EC0-301F-11D3-BF4B-00C04F79EFBC}") = "Infra.Db.Tests.Base", "Infra.Db.Tests.Base\Infra.Db.Tests.Base.csproj", "{1506428D-864B-41E5-8973-42258086F419}"
EndProject
Project("{FAE04EC0-301F-11D3-BF4B-00C04F79EFBC}") = "Infra.Extensions", "Infra.Extensions\Infra.Extensions.csproj", "{AD7B381E-3BA2-4401-870C-035351FC472C}"
EndProject
Global
	GlobalSection(SolutionConfigurationPlatforms) = preSolution
		Debug|Any CPU = Debug|Any CPU
		Debug|x64 = Debug|x64
		Debug|x86 = Debug|x86
		Release|Any CPU = Release|Any CPU
		Release|x64 = Release|x64
		Release|x86 = Release|x86
	EndGlobalSection
	GlobalSection(ProjectConfigurationPlatforms) = postSolution
		{68F41728-25B9-4D52-A3A2-A60F27FB146B}.Debug|Any CPU.ActiveCfg = Debug|Any CPU
		{68F41728-25B9-4D52-A3A2-A60F27FB146B}.Debug|Any CPU.Build.0 = Debug|Any CPU
		{68F41728-25B9-4D52-A3A2-A60F27FB146B}.Debug|x64.ActiveCfg = Debug|Any CPU
		{68F41728-25B9-4D52-A3A2-A60F27FB146B}.Debug|x64.Build.0 = Debug|Any CPU
		{68F41728-25B9-4D52-A3A2-A60F27FB146B}.Debug|x86.ActiveCfg = Debug|Any CPU
		{68F41728-25B9-4D52-A3A2-A60F27FB146B}.Debug|x86.Build.0 = Debug|Any CPU
		{68F41728-25B9-4D52-A3A2-A60F27FB146B}.Release|Any CPU.ActiveCfg = Release|Any CPU
		{68F41728-25B9-4D52-A3A2-A60F27FB146B}.Release|Any CPU.Build.0 = Release|Any CPU
		{68F41728-25B9-4D52-A3A2-A60F27FB146B}.Release|x64.ActiveCfg = Release|Any CPU
		{68F41728-25B9-4D52-A3A2-A60F27FB146B}.Release|x64.Build.0 = Release|Any CPU
		{68F41728-25B9-4D52-A3A2-A60F27FB146B}.Release|x86.ActiveCfg = Release|Any CPU
		{68F41728-25B9-4D52-A3A2-A60F27FB146B}.Release|x86.Build.0 = Release|Any CPU
		{5E5F598B-9D57-4D4F-ACAE-58E94C996D95}.Debug|Any CPU.ActiveCfg = Debug|Any CPU
		{5E5F598B-9D57-4D4F-ACAE-58E94C996D95}.Debug|Any CPU.Build.0 = Debug|Any CPU
		{5E5F598B-9D57-4D4F-ACAE-58E94C996D95}.Debug|x64.ActiveCfg = Debug|Any CPU
		{5E5F598B-9D57-4D4F-ACAE-58E94C996D95}.Debug|x64.Build.0 = Debug|Any CPU
		{5E5F598B-9D57-4D4F-ACAE-58E94C996D95}.Debug|x86.ActiveCfg = Debug|Any CPU
		{5E5F598B-9D57-4D4F-ACAE-58E94C996D95}.Debug|x86.Build.0 = Debug|Any CPU
		{5E5F598B-9D57-4D4F-ACAE-58E94C996D95}.Release|Any CPU.ActiveCfg = Release|Any CPU
		{5E5F598B-9D57-4D4F-ACAE-58E94C996D95}.Release|Any CPU.Build.0 = Release|Any CPU
		{5E5F598B-9D57-4D4F-ACAE-58E94C996D95}.Release|x64.ActiveCfg = Release|Any CPU
		{5E5F598B-9D57-4D4F-ACAE-58E94C996D95}.Release|x64.Build.0 = Release|Any CPU
		{5E5F598B-9D57-4D4F-ACAE-58E94C996D95}.Release|x86.ActiveCfg = Release|Any CPU
		{5E5F598B-9D57-4D4F-ACAE-58E94C996D95}.Release|x86.Build.0 = Release|Any CPU
		{A4314153-2415-43C6-8996-2B276733C7F0}.Debug|Any CPU.ActiveCfg = Debug|Any CPU
		{A4314153-2415-43C6-8996-2B276733C7F0}.Debug|Any CPU.Build.0 = Debug|Any CPU
		{A4314153-2415-43C6-8996-2B276733C7F0}.Debug|x64.ActiveCfg = Debug|Any CPU
		{A4314153-2415-43C6-8996-2B276733C7F0}.Debug|x64.Build.0 = Debug|Any CPU
		{A4314153-2415-43C6-8996-2B276733C7F0}.Debug|x86.ActiveCfg = Debug|Any CPU
		{A4314153-2415-43C6-8996-2B276733C7F0}.Debug|x86.Build.0 = Debug|Any CPU
		{A4314153-2415-43C6-8996-2B276733C7F0}.Release|Any CPU.ActiveCfg = Release|Any CPU
		{A4314153-2415-43C6-8996-2B276733C7F0}.Release|Any CPU.Build.0 = Release|Any CPU
		{A4314153-2415-43C6-8996-2B276733C7F0}.Release|x64.ActiveCfg = Release|Any CPU
		{A4314153-2415-43C6-8996-2B276733C7F0}.Release|x64.Build.0 = Release|Any CPU
		{A4314153-2415-43C6-8996-2B276733C7F0}.Release|x86.ActiveCfg = Release|Any CPU
		{A4314153-2415-43C6-8996-2B276733C7F0}.Release|x86.Build.0 = Release|Any CPU
		{BFDB1A0E-C24F-4B29-ABBD-71767FC5CB88}.Debug|Any CPU.ActiveCfg = Debug|Any CPU
		{BFDB1A0E-C24F-4B29-ABBD-71767FC5CB88}.Debug|Any CPU.Build.0 = Debug|Any CPU
		{BFDB1A0E-C24F-4B29-ABBD-71767FC5CB88}.Debug|x64.ActiveCfg = Debug|Any CPU
		{BFDB1A0E-C24F-4B29-ABBD-71767FC5CB88}.Debug|x64.Build.0 = Debug|Any CPU
		{BFDB1A0E-C24F-4B29-ABBD-71767FC5CB88}.Debug|x86.ActiveCfg = Debug|Any CPU
		{BFDB1A0E-C24F-4B29-ABBD-71767FC5CB88}.Debug|x86.Build.0 = Debug|Any CPU
		{BFDB1A0E-C24F-4B29-ABBD-71767FC5CB88}.Release|Any CPU.ActiveCfg = Release|Any CPU
		{BFDB1A0E-C24F-4B29-ABBD-71767FC5CB88}.Release|Any CPU.Build.0 = Release|Any CPU
		{BFDB1A0E-C24F-4B29-ABBD-71767FC5CB88}.Release|x64.ActiveCfg = Release|Any CPU
		{BFDB1A0E-C24F-4B29-ABBD-71767FC5CB88}.Release|x64.Build.0 = Release|Any CPU
		{BFDB1A0E-C24F-4B29-ABBD-71767FC5CB88}.Release|x86.ActiveCfg = Release|Any CPU
		{BFDB1A0E-C24F-4B29-ABBD-71767FC5CB88}.Release|x86.Build.0 = Release|Any CPU
		{1734E76D-4FAB-4CF8-8FE4-F84A51913DEF}.Debug|Any CPU.ActiveCfg = Debug|Any CPU
		{1734E76D-4FAB-4CF8-8FE4-F84A51913DEF}.Debug|Any CPU.Build.0 = Debug|Any CPU
		{1734E76D-4FAB-4CF8-8FE4-F84A51913DEF}.Debug|x64.ActiveCfg = Debug|Any CPU
		{1734E76D-4FAB-4CF8-8FE4-F84A51913DEF}.Debug|x64.Build.0 = Debug|Any CPU
		{1734E76D-4FAB-4CF8-8FE4-F84A51913DEF}.Debug|x86.ActiveCfg = Debug|Any CPU
		{1734E76D-4FAB-4CF8-8FE4-F84A51913DEF}.Debug|x86.Build.0 = Debug|Any CPU
		{1734E76D-4FAB-4CF8-8FE4-F84A51913DEF}.Release|Any CPU.ActiveCfg = Release|Any CPU
		{1734E76D-4FAB-4CF8-8FE4-F84A51913DEF}.Release|Any CPU.Build.0 = Release|Any CPU
		{1734E76D-4FAB-4CF8-8FE4-F84A51913DEF}.Release|x64.ActiveCfg = Release|Any CPU
		{1734E76D-4FAB-4CF8-8FE4-F84A51913DEF}.Release|x64.Build.0 = Release|Any CPU
		{1734E76D-4FAB-4CF8-8FE4-F84A51913DEF}.Release|x86.ActiveCfg = Release|Any CPU
		{1734E76D-4FAB-4CF8-8FE4-F84A51913DEF}.Release|x86.Build.0 = Release|Any CPU
		{197CC97C-98CA-492A-83FE-17B076FAA91D}.Debug|Any CPU.ActiveCfg = Debug|Any CPU
		{197CC97C-98CA-492A-83FE-17B076FAA91D}.Debug|Any CPU.Build.0 = Debug|Any CPU
		{197CC97C-98CA-492A-83FE-17B076FAA91D}.Debug|x64.ActiveCfg = Debug|Any CPU
		{197CC97C-98CA-492A-83FE-17B076FAA91D}.Debug|x64.Build.0 = Debug|Any CPU
		{197CC97C-98CA-492A-83FE-17B076FAA91D}.Debug|x86.ActiveCfg = Debug|Any CPU
		{197CC97C-98CA-492A-83FE-17B076FAA91D}.Debug|x86.Build.0 = Debug|Any CPU
		{197CC97C-98CA-492A-83FE-17B076FAA91D}.Release|Any CPU.ActiveCfg = Release|Any CPU
		{197CC97C-98CA-492A-83FE-17B076FAA91D}.Release|Any CPU.Build.0 = Release|Any CPU
		{197CC97C-98CA-492A-83FE-17B076FAA91D}.Release|x64.ActiveCfg = Release|Any CPU
		{197CC97C-98CA-492A-83FE-17B076FAA91D}.Release|x64.Build.0 = Release|Any CPU
		{197CC97C-98CA-492A-83FE-17B076FAA91D}.Release|x86.ActiveCfg = Release|Any CPU
		{197CC97C-98CA-492A-83FE-17B076FAA91D}.Release|x86.Build.0 = Release|Any CPU
		{38951015-6A1A-47DF-AD79-D5E68671F994}.Debug|Any CPU.ActiveCfg = Debug|Any CPU
		{38951015-6A1A-47DF-AD79-D5E68671F994}.Debug|Any CPU.Build.0 = Debug|Any CPU
		{38951015-6A1A-47DF-AD79-D5E68671F994}.Debug|x64.ActiveCfg = Debug|Any CPU
		{38951015-6A1A-47DF-AD79-D5E68671F994}.Debug|x64.Build.0 = Debug|Any CPU
		{38951015-6A1A-47DF-AD79-D5E68671F994}.Debug|x86.ActiveCfg = Debug|Any CPU
		{38951015-6A1A-47DF-AD79-D5E68671F994}.Debug|x86.Build.0 = Debug|Any CPU
		{38951015-6A1A-47DF-AD79-D5E68671F994}.Release|Any CPU.ActiveCfg = Release|Any CPU
		{38951015-6A1A-47DF-AD79-D5E68671F994}.Release|Any CPU.Build.0 = Release|Any CPU
		{38951015-6A1A-47DF-AD79-D5E68671F994}.Release|x64.ActiveCfg = Release|Any CPU
		{38951015-6A1A-47DF-AD79-D5E68671F994}.Release|x64.Build.0 = Release|Any CPU
		{38951015-6A1A-47DF-AD79-D5E68671F994}.Release|x86.ActiveCfg = Release|Any CPU
		{38951015-6A1A-47DF-AD79-D5E68671F994}.Release|x86.Build.0 = Release|Any CPU
		{36C835E5-3B1B-40EB-A876-CB58A241767D}.Debug|Any CPU.ActiveCfg = Debug|Any CPU
		{36C835E5-3B1B-40EB-A876-CB58A241767D}.Debug|Any CPU.Build.0 = Debug|Any CPU
		{36C835E5-3B1B-40EB-A876-CB58A241767D}.Debug|x64.ActiveCfg = Debug|Any CPU
		{36C835E5-3B1B-40EB-A876-CB58A241767D}.Debug|x64.Build.0 = Debug|Any CPU
		{36C835E5-3B1B-40EB-A876-CB58A241767D}.Debug|x86.ActiveCfg = Debug|Any CPU
		{36C835E5-3B1B-40EB-A876-CB58A241767D}.Debug|x86.Build.0 = Debug|Any CPU
		{36C835E5-3B1B-40EB-A876-CB58A241767D}.Release|Any CPU.ActiveCfg = Release|Any CPU
		{36C835E5-3B1B-40EB-A876-CB58A241767D}.Release|Any CPU.Build.0 = Release|Any CPU
		{36C835E5-3B1B-40EB-A876-CB58A241767D}.Release|x64.ActiveCfg = Release|Any CPU
		{36C835E5-3B1B-40EB-A876-CB58A241767D}.Release|x64.Build.0 = Release|Any CPU
		{36C835E5-3B1B-40EB-A876-CB58A241767D}.Release|x86.ActiveCfg = Release|Any CPU
		{36C835E5-3B1B-40EB-A876-CB58A241767D}.Release|x86.Build.0 = Release|Any CPU
		{5C4A237F-39CD-4C11-8D3B-CFEF87958624}.Debug|Any CPU.ActiveCfg = Debug|Any CPU
		{5C4A237F-39CD-4C11-8D3B-CFEF87958624}.Debug|Any CPU.Build.0 = Debug|Any CPU
		{5C4A237F-39CD-4C11-8D3B-CFEF87958624}.Debug|x64.ActiveCfg = Debug|Any CPU
		{5C4A237F-39CD-4C11-8D3B-CFEF87958624}.Debug|x64.Build.0 = Debug|Any CPU
		{5C4A237F-39CD-4C11-8D3B-CFEF87958624}.Debug|x86.ActiveCfg = Debug|Any CPU
		{5C4A237F-39CD-4C11-8D3B-CFEF87958624}.Debug|x86.Build.0 = Debug|Any CPU
		{5C4A237F-39CD-4C11-8D3B-CFEF87958624}.Release|Any CPU.ActiveCfg = Release|Any CPU
		{5C4A237F-39CD-4C11-8D3B-CFEF87958624}.Release|Any CPU.Build.0 = Release|Any CPU
		{5C4A237F-39CD-4C11-8D3B-CFEF87958624}.Release|x64.ActiveCfg = Release|Any CPU
		{5C4A237F-39CD-4C11-8D3B-CFEF87958624}.Release|x64.Build.0 = Release|Any CPU
		{5C4A237F-39CD-4C11-8D3B-CFEF87958624}.Release|x86.ActiveCfg = Release|Any CPU
		{5C4A237F-39CD-4C11-8D3B-CFEF87958624}.Release|x86.Build.0 = Release|Any CPU
		{2D2FACAE-8527-417C-8D05-D73042B7C10F}.Debug|Any CPU.ActiveCfg = Debug|Any CPU
		{2D2FACAE-8527-417C-8D05-D73042B7C10F}.Debug|Any CPU.Build.0 = Debug|Any CPU
		{2D2FACAE-8527-417C-8D05-D73042B7C10F}.Debug|x64.ActiveCfg = Debug|Any CPU
		{2D2FACAE-8527-417C-8D05-D73042B7C10F}.Debug|x64.Build.0 = Debug|Any CPU
		{2D2FACAE-8527-417C-8D05-D73042B7C10F}.Debug|x86.ActiveCfg = Debug|Any CPU
		{2D2FACAE-8527-417C-8D05-D73042B7C10F}.Debug|x86.Build.0 = Debug|Any CPU
		{2D2FACAE-8527-417C-8D05-D73042B7C10F}.Release|Any CPU.ActiveCfg = Release|Any CPU
		{2D2FACAE-8527-417C-8D05-D73042B7C10F}.Release|Any CPU.Build.0 = Release|Any CPU
		{2D2FACAE-8527-417C-8D05-D73042B7C10F}.Release|x64.ActiveCfg = Release|Any CPU
		{2D2FACAE-8527-417C-8D05-D73042B7C10F}.Release|x64.Build.0 = Release|Any CPU
		{2D2FACAE-8527-417C-8D05-D73042B7C10F}.Release|x86.ActiveCfg = Release|Any CPU
		{2D2FACAE-8527-417C-8D05-D73042B7C10F}.Release|x86.Build.0 = Release|Any CPU
		{309CF1C1-26C5-4360-9302-00324A644160}.Debug|Any CPU.ActiveCfg = Debug|Any CPU
		{309CF1C1-26C5-4360-9302-00324A644160}.Debug|Any CPU.Build.0 = Debug|Any CPU
		{309CF1C1-26C5-4360-9302-00324A644160}.Debug|x64.ActiveCfg = Debug|Any CPU
		{309CF1C1-26C5-4360-9302-00324A644160}.Debug|x64.Build.0 = Debug|Any CPU
		{309CF1C1-26C5-4360-9302-00324A644160}.Debug|x86.ActiveCfg = Debug|Any CPU
		{309CF1C1-26C5-4360-9302-00324A644160}.Debug|x86.Build.0 = Debug|Any CPU
		{309CF1C1-26C5-4360-9302-00324A644160}.Release|Any CPU.ActiveCfg = Release|Any CPU
		{309CF1C1-26C5-4360-9302-00324A644160}.Release|Any CPU.Build.0 = Release|Any CPU
		{309CF1C1-26C5-4360-9302-00324A644160}.Release|x64.ActiveCfg = Release|Any CPU
		{309CF1C1-26C5-4360-9302-00324A644160}.Release|x64.Build.0 = Release|Any CPU
		{309CF1C1-26C5-4360-9302-00324A644160}.Release|x86.ActiveCfg = Release|Any CPU
		{309CF1C1-26C5-4360-9302-00324A644160}.Release|x86.Build.0 = Release|Any CPU
		{FFA46BA0-2EA7-4595-8717-DE92A98EFF21}.Debug|Any CPU.ActiveCfg = Debug|Any CPU
		{FFA46BA0-2EA7-4595-8717-DE92A98EFF21}.Debug|Any CPU.Build.0 = Debug|Any CPU
		{FFA46BA0-2EA7-4595-8717-DE92A98EFF21}.Debug|x64.ActiveCfg = Debug|Any CPU
		{FFA46BA0-2EA7-4595-8717-DE92A98EFF21}.Debug|x64.Build.0 = Debug|Any CPU
		{FFA46BA0-2EA7-4595-8717-DE92A98EFF21}.Debug|x86.ActiveCfg = Debug|Any CPU
		{FFA46BA0-2EA7-4595-8717-DE92A98EFF21}.Debug|x86.Build.0 = Debug|Any CPU
		{FFA46BA0-2EA7-4595-8717-DE92A98EFF21}.Release|Any CPU.ActiveCfg = Release|Any CPU
		{FFA46BA0-2EA7-4595-8717-DE92A98EFF21}.Release|Any CPU.Build.0 = Release|Any CPU
		{FFA46BA0-2EA7-4595-8717-DE92A98EFF21}.Release|x64.ActiveCfg = Release|Any CPU
		{FFA46BA0-2EA7-4595-8717-DE92A98EFF21}.Release|x64.Build.0 = Release|Any CPU
		{FFA46BA0-2EA7-4595-8717-DE92A98EFF21}.Release|x86.ActiveCfg = Release|Any CPU
		{FFA46BA0-2EA7-4595-8717-DE92A98EFF21}.Release|x86.Build.0 = Release|Any CPU
		{82FC5EB3-9AE9-4BB6-8CDC-B5F95948915B}.Debug|Any CPU.ActiveCfg = Debug|Any CPU
		{82FC5EB3-9AE9-4BB6-8CDC-B5F95948915B}.Debug|Any CPU.Build.0 = Debug|Any CPU
		{82FC5EB3-9AE9-4BB6-8CDC-B5F95948915B}.Debug|x64.ActiveCfg = Debug|Any CPU
		{82FC5EB3-9AE9-4BB6-8CDC-B5F95948915B}.Debug|x64.Build.0 = Debug|Any CPU
		{82FC5EB3-9AE9-4BB6-8CDC-B5F95948915B}.Debug|x86.ActiveCfg = Debug|Any CPU
		{82FC5EB3-9AE9-4BB6-8CDC-B5F95948915B}.Debug|x86.Build.0 = Debug|Any CPU
		{82FC5EB3-9AE9-4BB6-8CDC-B5F95948915B}.Release|Any CPU.ActiveCfg = Release|Any CPU
		{82FC5EB3-9AE9-4BB6-8CDC-B5F95948915B}.Release|Any CPU.Build.0 = Release|Any CPU
		{82FC5EB3-9AE9-4BB6-8CDC-B5F95948915B}.Release|x64.ActiveCfg = Release|Any CPU
		{82FC5EB3-9AE9-4BB6-8CDC-B5F95948915B}.Release|x64.Build.0 = Release|Any CPU
		{82FC5EB3-9AE9-4BB6-8CDC-B5F95948915B}.Release|x86.ActiveCfg = Release|Any CPU
		{82FC5EB3-9AE9-4BB6-8CDC-B5F95948915B}.Release|x86.Build.0 = Release|Any CPU
		{50637CE7-22A8-4574-B43F-497FF888D7C1}.Debug|Any CPU.ActiveCfg = Debug|Any CPU
		{50637CE7-22A8-4574-B43F-497FF888D7C1}.Debug|Any CPU.Build.0 = Debug|Any CPU
		{50637CE7-22A8-4574-B43F-497FF888D7C1}.Debug|x64.ActiveCfg = Debug|Any CPU
		{50637CE7-22A8-4574-B43F-497FF888D7C1}.Debug|x64.Build.0 = Debug|Any CPU
		{50637CE7-22A8-4574-B43F-497FF888D7C1}.Debug|x86.ActiveCfg = Debug|Any CPU
		{50637CE7-22A8-4574-B43F-497FF888D7C1}.Debug|x86.Build.0 = Debug|Any CPU
		{50637CE7-22A8-4574-B43F-497FF888D7C1}.Release|Any CPU.ActiveCfg = Release|Any CPU
		{50637CE7-22A8-4574-B43F-497FF888D7C1}.Release|Any CPU.Build.0 = Release|Any CPU
		{50637CE7-22A8-4574-B43F-497FF888D7C1}.Release|x64.ActiveCfg = Release|Any CPU
		{50637CE7-22A8-4574-B43F-497FF888D7C1}.Release|x64.Build.0 = Release|Any CPU
		{50637CE7-22A8-4574-B43F-497FF888D7C1}.Release|x86.ActiveCfg = Release|Any CPU
		{50637CE7-22A8-4574-B43F-497FF888D7C1}.Release|x86.Build.0 = Release|Any CPU
		{7F1F5506-0582-4243-A1E3-DCBF0DA2ABFF}.Debug|Any CPU.ActiveCfg = Debug|Any CPU
		{7F1F5506-0582-4243-A1E3-DCBF0DA2ABFF}.Debug|Any CPU.Build.0 = Debug|Any CPU
		{7F1F5506-0582-4243-A1E3-DCBF0DA2ABFF}.Debug|x64.ActiveCfg = Debug|Any CPU
		{7F1F5506-0582-4243-A1E3-DCBF0DA2ABFF}.Debug|x64.Build.0 = Debug|Any CPU
		{7F1F5506-0582-4243-A1E3-DCBF0DA2ABFF}.Debug|x86.ActiveCfg = Debug|Any CPU
		{7F1F5506-0582-4243-A1E3-DCBF0DA2ABFF}.Debug|x86.Build.0 = Debug|Any CPU
		{7F1F5506-0582-4243-A1E3-DCBF0DA2ABFF}.Release|Any CPU.ActiveCfg = Release|Any CPU
		{7F1F5506-0582-4243-A1E3-DCBF0DA2ABFF}.Release|Any CPU.Build.0 = Release|Any CPU
		{7F1F5506-0582-4243-A1E3-DCBF0DA2ABFF}.Release|x64.ActiveCfg = Release|Any CPU
		{7F1F5506-0582-4243-A1E3-DCBF0DA2ABFF}.Release|x64.Build.0 = Release|Any CPU
		{7F1F5506-0582-4243-A1E3-DCBF0DA2ABFF}.Release|x86.ActiveCfg = Release|Any CPU
		{7F1F5506-0582-4243-A1E3-DCBF0DA2ABFF}.Release|x86.Build.0 = Release|Any CPU
		{F3B53992-7224-46F5-997C-85DFADDF812B}.Debug|Any CPU.ActiveCfg = Debug|Any CPU
		{F3B53992-7224-46F5-997C-85DFADDF812B}.Debug|Any CPU.Build.0 = Debug|Any CPU
		{F3B53992-7224-46F5-997C-85DFADDF812B}.Debug|x64.ActiveCfg = Debug|Any CPU
		{F3B53992-7224-46F5-997C-85DFADDF812B}.Debug|x64.Build.0 = Debug|Any CPU
		{F3B53992-7224-46F5-997C-85DFADDF812B}.Debug|x86.ActiveCfg = Debug|Any CPU
		{F3B53992-7224-46F5-997C-85DFADDF812B}.Debug|x86.Build.0 = Debug|Any CPU
		{F3B53992-7224-46F5-997C-85DFADDF812B}.Release|Any CPU.ActiveCfg = Release|Any CPU
		{F3B53992-7224-46F5-997C-85DFADDF812B}.Release|Any CPU.Build.0 = Release|Any CPU
		{F3B53992-7224-46F5-997C-85DFADDF812B}.Release|x64.ActiveCfg = Release|Any CPU
		{F3B53992-7224-46F5-997C-85DFADDF812B}.Release|x64.Build.0 = Release|Any CPU
		{F3B53992-7224-46F5-997C-85DFADDF812B}.Release|x86.ActiveCfg = Release|Any CPU
		{F3B53992-7224-46F5-997C-85DFADDF812B}.Release|x86.Build.0 = Release|Any CPU
		{B16B67EB-C397-45CA-957B-25F9517D12CD}.Debug|Any CPU.ActiveCfg = Debug|Any CPU
		{B16B67EB-C397-45CA-957B-25F9517D12CD}.Debug|Any CPU.Build.0 = Debug|Any CPU
		{B16B67EB-C397-45CA-957B-25F9517D12CD}.Debug|x64.ActiveCfg = Debug|Any CPU
		{B16B67EB-C397-45CA-957B-25F9517D12CD}.Debug|x64.Build.0 = Debug|Any CPU
		{B16B67EB-C397-45CA-957B-25F9517D12CD}.Debug|x86.ActiveCfg = Debug|Any CPU
		{B16B67EB-C397-45CA-957B-25F9517D12CD}.Debug|x86.Build.0 = Debug|Any CPU
		{B16B67EB-C397-45CA-957B-25F9517D12CD}.Release|Any CPU.ActiveCfg = Release|Any CPU
		{B16B67EB-C397-45CA-957B-25F9517D12CD}.Release|Any CPU.Build.0 = Release|Any CPU
		{B16B67EB-C397-45CA-957B-25F9517D12CD}.Release|x64.ActiveCfg = Release|Any CPU
		{B16B67EB-C397-45CA-957B-25F9517D12CD}.Release|x64.Build.0 = Release|Any CPU
		{B16B67EB-C397-45CA-957B-25F9517D12CD}.Release|x86.ActiveCfg = Release|Any CPU
		{B16B67EB-C397-45CA-957B-25F9517D12CD}.Release|x86.Build.0 = Release|Any CPU
		{8860B1C2-EB33-4902-BD6E-A4DA5E966050}.Debug|Any CPU.ActiveCfg = Debug|Any CPU
		{8860B1C2-EB33-4902-BD6E-A4DA5E966050}.Debug|Any CPU.Build.0 = Debug|Any CPU
		{8860B1C2-EB33-4902-BD6E-A4DA5E966050}.Debug|x64.ActiveCfg = Debug|Any CPU
		{8860B1C2-EB33-4902-BD6E-A4DA5E966050}.Debug|x64.Build.0 = Debug|Any CPU
		{8860B1C2-EB33-4902-BD6E-A4DA5E966050}.Debug|x86.ActiveCfg = Debug|Any CPU
		{8860B1C2-EB33-4902-BD6E-A4DA5E966050}.Debug|x86.Build.0 = Debug|Any CPU
		{8860B1C2-EB33-4902-BD6E-A4DA5E966050}.Release|Any CPU.ActiveCfg = Release|Any CPU
		{8860B1C2-EB33-4902-BD6E-A4DA5E966050}.Release|Any CPU.Build.0 = Release|Any CPU
		{8860B1C2-EB33-4902-BD6E-A4DA5E966050}.Release|x64.ActiveCfg = Release|Any CPU
		{8860B1C2-EB33-4902-BD6E-A4DA5E966050}.Release|x64.Build.0 = Release|Any CPU
		{8860B1C2-EB33-4902-BD6E-A4DA5E966050}.Release|x86.ActiveCfg = Release|Any CPU
		{8860B1C2-EB33-4902-BD6E-A4DA5E966050}.Release|x86.Build.0 = Release|Any CPU
		{AC59EB90-E6A8-4EB6-B648-4EB06E3A3B9C}.Debug|Any CPU.ActiveCfg = Debug|Any CPU
		{AC59EB90-E6A8-4EB6-B648-4EB06E3A3B9C}.Debug|Any CPU.Build.0 = Debug|Any CPU
		{AC59EB90-E6A8-4EB6-B648-4EB06E3A3B9C}.Debug|x64.ActiveCfg = Debug|Any CPU
		{AC59EB90-E6A8-4EB6-B648-4EB06E3A3B9C}.Debug|x64.Build.0 = Debug|Any CPU
		{AC59EB90-E6A8-4EB6-B648-4EB06E3A3B9C}.Debug|x86.ActiveCfg = Debug|Any CPU
		{AC59EB90-E6A8-4EB6-B648-4EB06E3A3B9C}.Debug|x86.Build.0 = Debug|Any CPU
		{AC59EB90-E6A8-4EB6-B648-4EB06E3A3B9C}.Release|Any CPU.ActiveCfg = Release|Any CPU
		{AC59EB90-E6A8-4EB6-B648-4EB06E3A3B9C}.Release|Any CPU.Build.0 = Release|Any CPU
		{AC59EB90-E6A8-4EB6-B648-4EB06E3A3B9C}.Release|x64.ActiveCfg = Release|Any CPU
		{AC59EB90-E6A8-4EB6-B648-4EB06E3A3B9C}.Release|x64.Build.0 = Release|Any CPU
		{AC59EB90-E6A8-4EB6-B648-4EB06E3A3B9C}.Release|x86.ActiveCfg = Release|Any CPU
		{AC59EB90-E6A8-4EB6-B648-4EB06E3A3B9C}.Release|x86.Build.0 = Release|Any CPU
		{82281A3E-269B-483B-9190-0F75D1642332}.Debug|Any CPU.ActiveCfg = Debug|Any CPU
		{82281A3E-269B-483B-9190-0F75D1642332}.Debug|Any CPU.Build.0 = Debug|Any CPU
		{82281A3E-269B-483B-9190-0F75D1642332}.Debug|x64.ActiveCfg = Debug|Any CPU
		{82281A3E-269B-483B-9190-0F75D1642332}.Debug|x64.Build.0 = Debug|Any CPU
		{82281A3E-269B-483B-9190-0F75D1642332}.Debug|x86.ActiveCfg = Debug|Any CPU
		{82281A3E-269B-483B-9190-0F75D1642332}.Debug|x86.Build.0 = Debug|Any CPU
		{82281A3E-269B-483B-9190-0F75D1642332}.Release|Any CPU.ActiveCfg = Release|Any CPU
		{82281A3E-269B-483B-9190-0F75D1642332}.Release|Any CPU.Build.0 = Release|Any CPU
		{82281A3E-269B-483B-9190-0F75D1642332}.Release|x64.ActiveCfg = Release|Any CPU
		{82281A3E-269B-483B-9190-0F75D1642332}.Release|x64.Build.0 = Release|Any CPU
		{82281A3E-269B-483B-9190-0F75D1642332}.Release|x86.ActiveCfg = Release|Any CPU
		{82281A3E-269B-483B-9190-0F75D1642332}.Release|x86.Build.0 = Release|Any CPU
		{2A0CB2C4-8BB6-4316-AC1C-9155594396A1}.Debug|Any CPU.ActiveCfg = Debug|Any CPU
		{2A0CB2C4-8BB6-4316-AC1C-9155594396A1}.Debug|Any CPU.Build.0 = Debug|Any CPU
		{2A0CB2C4-8BB6-4316-AC1C-9155594396A1}.Debug|x64.ActiveCfg = Debug|Any CPU
		{2A0CB2C4-8BB6-4316-AC1C-9155594396A1}.Debug|x64.Build.0 = Debug|Any CPU
		{2A0CB2C4-8BB6-4316-AC1C-9155594396A1}.Debug|x86.ActiveCfg = Debug|Any CPU
		{2A0CB2C4-8BB6-4316-AC1C-9155594396A1}.Debug|x86.Build.0 = Debug|Any CPU
		{2A0CB2C4-8BB6-4316-AC1C-9155594396A1}.Release|Any CPU.ActiveCfg = Release|Any CPU
		{2A0CB2C4-8BB6-4316-AC1C-9155594396A1}.Release|Any CPU.Build.0 = Release|Any CPU
		{2A0CB2C4-8BB6-4316-AC1C-9155594396A1}.Release|x64.ActiveCfg = Release|Any CPU
		{2A0CB2C4-8BB6-4316-AC1C-9155594396A1}.Release|x64.Build.0 = Release|Any CPU
		{2A0CB2C4-8BB6-4316-AC1C-9155594396A1}.Release|x86.ActiveCfg = Release|Any CPU
		{2A0CB2C4-8BB6-4316-AC1C-9155594396A1}.Release|x86.Build.0 = Release|Any CPU
		{F50C5919-3CF3-4900-93F9-53366C8A485F}.Debug|Any CPU.ActiveCfg = Debug|Any CPU
		{F50C5919-3CF3-4900-93F9-53366C8A485F}.Debug|Any CPU.Build.0 = Debug|Any CPU
		{F50C5919-3CF3-4900-93F9-53366C8A485F}.Debug|x64.ActiveCfg = Debug|Any CPU
		{F50C5919-3CF3-4900-93F9-53366C8A485F}.Debug|x64.Build.0 = Debug|Any CPU
		{F50C5919-3CF3-4900-93F9-53366C8A485F}.Debug|x86.ActiveCfg = Debug|Any CPU
		{F50C5919-3CF3-4900-93F9-53366C8A485F}.Debug|x86.Build.0 = Debug|Any CPU
		{F50C5919-3CF3-4900-93F9-53366C8A485F}.Release|Any CPU.ActiveCfg = Release|Any CPU
		{F50C5919-3CF3-4900-93F9-53366C8A485F}.Release|Any CPU.Build.0 = Release|Any CPU
		{F50C5919-3CF3-4900-93F9-53366C8A485F}.Release|x64.ActiveCfg = Release|Any CPU
		{F50C5919-3CF3-4900-93F9-53366C8A485F}.Release|x64.Build.0 = Release|Any CPU
		{F50C5919-3CF3-4900-93F9-53366C8A485F}.Release|x86.ActiveCfg = Release|Any CPU
		{F50C5919-3CF3-4900-93F9-53366C8A485F}.Release|x86.Build.0 = Release|Any CPU
		{1F886124-5740-46DF-9558-B52A6092EA2E}.Debug|Any CPU.ActiveCfg = Debug|Any CPU
		{1F886124-5740-46DF-9558-B52A6092EA2E}.Debug|Any CPU.Build.0 = Debug|Any CPU
		{1F886124-5740-46DF-9558-B52A6092EA2E}.Debug|x64.ActiveCfg = Debug|Any CPU
		{1F886124-5740-46DF-9558-B52A6092EA2E}.Debug|x64.Build.0 = Debug|Any CPU
		{1F886124-5740-46DF-9558-B52A6092EA2E}.Debug|x86.ActiveCfg = Debug|Any CPU
		{1F886124-5740-46DF-9558-B52A6092EA2E}.Debug|x86.Build.0 = Debug|Any CPU
		{1F886124-5740-46DF-9558-B52A6092EA2E}.Release|Any CPU.ActiveCfg = Release|Any CPU
		{1F886124-5740-46DF-9558-B52A6092EA2E}.Release|Any CPU.Build.0 = Release|Any CPU
		{1F886124-5740-46DF-9558-B52A6092EA2E}.Release|x64.ActiveCfg = Release|Any CPU
		{1F886124-5740-46DF-9558-B52A6092EA2E}.Release|x64.Build.0 = Release|Any CPU
		{1F886124-5740-46DF-9558-B52A6092EA2E}.Release|x86.ActiveCfg = Release|Any CPU
		{1F886124-5740-46DF-9558-B52A6092EA2E}.Release|x86.Build.0 = Release|Any CPU
		{782F4E38-DB1C-4037-8DC9-D6A07F4D9E9D}.Debug|Any CPU.ActiveCfg = Debug|Any CPU
		{782F4E38-DB1C-4037-8DC9-D6A07F4D9E9D}.Debug|Any CPU.Build.0 = Debug|Any CPU
		{782F4E38-DB1C-4037-8DC9-D6A07F4D9E9D}.Debug|x64.ActiveCfg = Debug|Any CPU
		{782F4E38-DB1C-4037-8DC9-D6A07F4D9E9D}.Debug|x64.Build.0 = Debug|Any CPU
		{782F4E38-DB1C-4037-8DC9-D6A07F4D9E9D}.Debug|x86.ActiveCfg = Debug|Any CPU
		{782F4E38-DB1C-4037-8DC9-D6A07F4D9E9D}.Debug|x86.Build.0 = Debug|Any CPU
		{782F4E38-DB1C-4037-8DC9-D6A07F4D9E9D}.Release|Any CPU.ActiveCfg = Release|Any CPU
		{782F4E38-DB1C-4037-8DC9-D6A07F4D9E9D}.Release|Any CPU.Build.0 = Release|Any CPU
		{782F4E38-DB1C-4037-8DC9-D6A07F4D9E9D}.Release|x64.ActiveCfg = Release|Any CPU
		{782F4E38-DB1C-4037-8DC9-D6A07F4D9E9D}.Release|x64.Build.0 = Release|Any CPU
		{782F4E38-DB1C-4037-8DC9-D6A07F4D9E9D}.Release|x86.ActiveCfg = Release|Any CPU
		{782F4E38-DB1C-4037-8DC9-D6A07F4D9E9D}.Release|x86.Build.0 = Release|Any CPU
		{8D9D9DB5-1AAF-49B6-A5F5-F36F24FC1D50}.Debug|Any CPU.ActiveCfg = Debug|Any CPU
		{8D9D9DB5-1AAF-49B6-A5F5-F36F24FC1D50}.Debug|Any CPU.Build.0 = Debug|Any CPU
		{8D9D9DB5-1AAF-49B6-A5F5-F36F24FC1D50}.Debug|x64.ActiveCfg = Debug|Any CPU
		{8D9D9DB5-1AAF-49B6-A5F5-F36F24FC1D50}.Debug|x64.Build.0 = Debug|Any CPU
		{8D9D9DB5-1AAF-49B6-A5F5-F36F24FC1D50}.Debug|x86.ActiveCfg = Debug|Any CPU
		{8D9D9DB5-1AAF-49B6-A5F5-F36F24FC1D50}.Debug|x86.Build.0 = Debug|Any CPU
		{8D9D9DB5-1AAF-49B6-A5F5-F36F24FC1D50}.Release|Any CPU.ActiveCfg = Release|Any CPU
		{8D9D9DB5-1AAF-49B6-A5F5-F36F24FC1D50}.Release|Any CPU.Build.0 = Release|Any CPU
		{8D9D9DB5-1AAF-49B6-A5F5-F36F24FC1D50}.Release|x64.ActiveCfg = Release|Any CPU
		{8D9D9DB5-1AAF-49B6-A5F5-F36F24FC1D50}.Release|x64.Build.0 = Release|Any CPU
		{8D9D9DB5-1AAF-49B6-A5F5-F36F24FC1D50}.Release|x86.ActiveCfg = Release|Any CPU
		{8D9D9DB5-1AAF-49B6-A5F5-F36F24FC1D50}.Release|x86.Build.0 = Release|Any CPU
		{ADF5D9ED-CFC3-4BB3-9B37-BACA1AA1E9E9}.Debug|Any CPU.ActiveCfg = Debug|Any CPU
		{ADF5D9ED-CFC3-4BB3-9B37-BACA1AA1E9E9}.Debug|Any CPU.Build.0 = Debug|Any CPU
		{ADF5D9ED-CFC3-4BB3-9B37-BACA1AA1E9E9}.Debug|x64.ActiveCfg = Debug|Any CPU
		{ADF5D9ED-CFC3-4BB3-9B37-BACA1AA1E9E9}.Debug|x64.Build.0 = Debug|Any CPU
		{ADF5D9ED-CFC3-4BB3-9B37-BACA1AA1E9E9}.Debug|x86.ActiveCfg = Debug|Any CPU
		{ADF5D9ED-CFC3-4BB3-9B37-BACA1AA1E9E9}.Debug|x86.Build.0 = Debug|Any CPU
		{ADF5D9ED-CFC3-4BB3-9B37-BACA1AA1E9E9}.Release|Any CPU.ActiveCfg = Release|Any CPU
		{ADF5D9ED-CFC3-4BB3-9B37-BACA1AA1E9E9}.Release|Any CPU.Build.0 = Release|Any CPU
		{ADF5D9ED-CFC3-4BB3-9B37-BACA1AA1E9E9}.Release|x64.ActiveCfg = Release|Any CPU
		{ADF5D9ED-CFC3-4BB3-9B37-BACA1AA1E9E9}.Release|x64.Build.0 = Release|Any CPU
		{ADF5D9ED-CFC3-4BB3-9B37-BACA1AA1E9E9}.Release|x86.ActiveCfg = Release|Any CPU
		{ADF5D9ED-CFC3-4BB3-9B37-BACA1AA1E9E9}.Release|x86.Build.0 = Release|Any CPU
		{0E9F5E6A-4B6A-43E0-85A1-4CBD5E4BAD96}.Debug|Any CPU.ActiveCfg = Debug|Any CPU
		{0E9F5E6A-4B6A-43E0-85A1-4CBD5E4BAD96}.Debug|Any CPU.Build.0 = Debug|Any CPU
		{0E9F5E6A-4B6A-43E0-85A1-4CBD5E4BAD96}.Debug|x64.ActiveCfg = Debug|Any CPU
		{0E9F5E6A-4B6A-43E0-85A1-4CBD5E4BAD96}.Debug|x64.Build.0 = Debug|Any CPU
		{0E9F5E6A-4B6A-43E0-85A1-4CBD5E4BAD96}.Debug|x86.ActiveCfg = Debug|Any CPU
		{0E9F5E6A-4B6A-43E0-85A1-4CBD5E4BAD96}.Debug|x86.Build.0 = Debug|Any CPU
		{0E9F5E6A-4B6A-43E0-85A1-4CBD5E4BAD96}.Release|Any CPU.ActiveCfg = Release|Any CPU
		{0E9F5E6A-4B6A-43E0-85A1-4CBD5E4BAD96}.Release|Any CPU.Build.0 = Release|Any CPU
		{0E9F5E6A-4B6A-43E0-85A1-4CBD5E4BAD96}.Release|x64.ActiveCfg = Release|Any CPU
		{0E9F5E6A-4B6A-43E0-85A1-4CBD5E4BAD96}.Release|x64.Build.0 = Release|Any CPU
		{0E9F5E6A-4B6A-43E0-85A1-4CBD5E4BAD96}.Release|x86.ActiveCfg = Release|Any CPU
		{0E9F5E6A-4B6A-43E0-85A1-4CBD5E4BAD96}.Release|x86.Build.0 = Release|Any CPU
		{C5ADF990-A734-41E3-9398-3A4EB3AF39D2}.Debug|Any CPU.ActiveCfg = Debug|Any CPU
		{C5ADF990-A734-41E3-9398-3A4EB3AF39D2}.Debug|Any CPU.Build.0 = Debug|Any CPU
		{C5ADF990-A734-41E3-9398-3A4EB3AF39D2}.Debug|x64.ActiveCfg = Debug|Any CPU
		{C5ADF990-A734-41E3-9398-3A4EB3AF39D2}.Debug|x64.Build.0 = Debug|Any CPU
		{C5ADF990-A734-41E3-9398-3A4EB3AF39D2}.Debug|x86.ActiveCfg = Debug|Any CPU
		{C5ADF990-A734-41E3-9398-3A4EB3AF39D2}.Debug|x86.Build.0 = Debug|Any CPU
		{C5ADF990-A734-41E3-9398-3A4EB3AF39D2}.Release|Any CPU.ActiveCfg = Release|Any CPU
		{C5ADF990-A734-41E3-9398-3A4EB3AF39D2}.Release|Any CPU.Build.0 = Release|Any CPU
		{C5ADF990-A734-41E3-9398-3A4EB3AF39D2}.Release|x64.ActiveCfg = Release|Any CPU
		{C5ADF990-A734-41E3-9398-3A4EB3AF39D2}.Release|x64.Build.0 = Release|Any CPU
		{C5ADF990-A734-41E3-9398-3A4EB3AF39D2}.Release|x86.ActiveCfg = Release|Any CPU
		{C5ADF990-A734-41E3-9398-3A4EB3AF39D2}.Release|x86.Build.0 = Release|Any CPU
		{43A76940-BED5-4D78-9B2A-CB055B25B2DE}.Debug|Any CPU.ActiveCfg = Debug|Any CPU
		{43A76940-BED5-4D78-9B2A-CB055B25B2DE}.Debug|Any CPU.Build.0 = Debug|Any CPU
		{43A76940-BED5-4D78-9B2A-CB055B25B2DE}.Debug|x64.ActiveCfg = Debug|Any CPU
		{43A76940-BED5-4D78-9B2A-CB055B25B2DE}.Debug|x64.Build.0 = Debug|Any CPU
		{43A76940-BED5-4D78-9B2A-CB055B25B2DE}.Debug|x86.ActiveCfg = Debug|Any CPU
		{43A76940-BED5-4D78-9B2A-CB055B25B2DE}.Debug|x86.Build.0 = Debug|Any CPU
		{43A76940-BED5-4D78-9B2A-CB055B25B2DE}.Release|Any CPU.ActiveCfg = Release|Any CPU
		{43A76940-BED5-4D78-9B2A-CB055B25B2DE}.Release|Any CPU.Build.0 = Release|Any CPU
		{43A76940-BED5-4D78-9B2A-CB055B25B2DE}.Release|x64.ActiveCfg = Release|Any CPU
		{43A76940-BED5-4D78-9B2A-CB055B25B2DE}.Release|x64.Build.0 = Release|Any CPU
		{43A76940-BED5-4D78-9B2A-CB055B25B2DE}.Release|x86.ActiveCfg = Release|Any CPU
		{43A76940-BED5-4D78-9B2A-CB055B25B2DE}.Release|x86.Build.0 = Release|Any CPU
		{2846A21C-B440-4E66-9FA2-2136D6CD205E}.Debug|Any CPU.ActiveCfg = Debug|Any CPU
		{2846A21C-B440-4E66-9FA2-2136D6CD205E}.Debug|Any CPU.Build.0 = Debug|Any CPU
		{2846A21C-B440-4E66-9FA2-2136D6CD205E}.Debug|x64.ActiveCfg = Debug|Any CPU
		{2846A21C-B440-4E66-9FA2-2136D6CD205E}.Debug|x64.Build.0 = Debug|Any CPU
		{2846A21C-B440-4E66-9FA2-2136D6CD205E}.Debug|x86.ActiveCfg = Debug|Any CPU
		{2846A21C-B440-4E66-9FA2-2136D6CD205E}.Debug|x86.Build.0 = Debug|Any CPU
		{2846A21C-B440-4E66-9FA2-2136D6CD205E}.Release|Any CPU.ActiveCfg = Release|Any CPU
		{2846A21C-B440-4E66-9FA2-2136D6CD205E}.Release|Any CPU.Build.0 = Release|Any CPU
		{2846A21C-B440-4E66-9FA2-2136D6CD205E}.Release|x64.ActiveCfg = Release|Any CPU
		{2846A21C-B440-4E66-9FA2-2136D6CD205E}.Release|x64.Build.0 = Release|Any CPU
		{2846A21C-B440-4E66-9FA2-2136D6CD205E}.Release|x86.ActiveCfg = Release|Any CPU
		{2846A21C-B440-4E66-9FA2-2136D6CD205E}.Release|x86.Build.0 = Release|Any CPU
		{EDD5F6A8-F65E-4FF3-9045-1802F445CAC0}.Debug|Any CPU.ActiveCfg = Debug|Any CPU
		{EDD5F6A8-F65E-4FF3-9045-1802F445CAC0}.Debug|Any CPU.Build.0 = Debug|Any CPU
		{EDD5F6A8-F65E-4FF3-9045-1802F445CAC0}.Debug|x64.ActiveCfg = Debug|Any CPU
		{EDD5F6A8-F65E-4FF3-9045-1802F445CAC0}.Debug|x64.Build.0 = Debug|Any CPU
		{EDD5F6A8-F65E-4FF3-9045-1802F445CAC0}.Debug|x86.ActiveCfg = Debug|Any CPU
		{EDD5F6A8-F65E-4FF3-9045-1802F445CAC0}.Debug|x86.Build.0 = Debug|Any CPU
		{EDD5F6A8-F65E-4FF3-9045-1802F445CAC0}.Release|Any CPU.ActiveCfg = Release|Any CPU
		{EDD5F6A8-F65E-4FF3-9045-1802F445CAC0}.Release|Any CPU.Build.0 = Release|Any CPU
		{EDD5F6A8-F65E-4FF3-9045-1802F445CAC0}.Release|x64.ActiveCfg = Release|Any CPU
		{EDD5F6A8-F65E-4FF3-9045-1802F445CAC0}.Release|x64.Build.0 = Release|Any CPU
		{EDD5F6A8-F65E-4FF3-9045-1802F445CAC0}.Release|x86.ActiveCfg = Release|Any CPU
		{EDD5F6A8-F65E-4FF3-9045-1802F445CAC0}.Release|x86.Build.0 = Release|Any CPU
		{BA3042A3-9598-4AFB-BEAA-187ADE524C1E}.Debug|Any CPU.ActiveCfg = Debug|Any CPU
		{BA3042A3-9598-4AFB-BEAA-187ADE524C1E}.Debug|Any CPU.Build.0 = Debug|Any CPU
		{BA3042A3-9598-4AFB-BEAA-187ADE524C1E}.Debug|x64.ActiveCfg = Debug|Any CPU
		{BA3042A3-9598-4AFB-BEAA-187ADE524C1E}.Debug|x64.Build.0 = Debug|Any CPU
		{BA3042A3-9598-4AFB-BEAA-187ADE524C1E}.Debug|x86.ActiveCfg = Debug|Any CPU
		{BA3042A3-9598-4AFB-BEAA-187ADE524C1E}.Debug|x86.Build.0 = Debug|Any CPU
		{BA3042A3-9598-4AFB-BEAA-187ADE524C1E}.Release|Any CPU.ActiveCfg = Release|Any CPU
		{BA3042A3-9598-4AFB-BEAA-187ADE524C1E}.Release|Any CPU.Build.0 = Release|Any CPU
		{BA3042A3-9598-4AFB-BEAA-187ADE524C1E}.Release|x64.ActiveCfg = Release|Any CPU
		{BA3042A3-9598-4AFB-BEAA-187ADE524C1E}.Release|x64.Build.0 = Release|Any CPU
		{BA3042A3-9598-4AFB-BEAA-187ADE524C1E}.Release|x86.ActiveCfg = Release|Any CPU
		{BA3042A3-9598-4AFB-BEAA-187ADE524C1E}.Release|x86.Build.0 = Release|Any CPU
		{56A29524-8C49-4EC8-B299-CC35500DFB71}.Debug|Any CPU.ActiveCfg = Debug|Any CPU
		{56A29524-8C49-4EC8-B299-CC35500DFB71}.Debug|Any CPU.Build.0 = Debug|Any CPU
		{56A29524-8C49-4EC8-B299-CC35500DFB71}.Debug|x64.ActiveCfg = Debug|Any CPU
		{56A29524-8C49-4EC8-B299-CC35500DFB71}.Debug|x64.Build.0 = Debug|Any CPU
		{56A29524-8C49-4EC8-B299-CC35500DFB71}.Debug|x86.ActiveCfg = Debug|Any CPU
		{56A29524-8C49-4EC8-B299-CC35500DFB71}.Debug|x86.Build.0 = Debug|Any CPU
		{56A29524-8C49-4EC8-B299-CC35500DFB71}.Release|Any CPU.ActiveCfg = Release|Any CPU
		{56A29524-8C49-4EC8-B299-CC35500DFB71}.Release|Any CPU.Build.0 = Release|Any CPU
		{56A29524-8C49-4EC8-B299-CC35500DFB71}.Release|x64.ActiveCfg = Release|Any CPU
		{56A29524-8C49-4EC8-B299-CC35500DFB71}.Release|x64.Build.0 = Release|Any CPU
		{56A29524-8C49-4EC8-B299-CC35500DFB71}.Release|x86.ActiveCfg = Release|Any CPU
		{56A29524-8C49-4EC8-B299-CC35500DFB71}.Release|x86.Build.0 = Release|Any CPU
		{AEB198E0-C07B-4F62-AECA-C5C716C26F85}.Debug|Any CPU.ActiveCfg = Debug|Any CPU
		{AEB198E0-C07B-4F62-AECA-C5C716C26F85}.Debug|Any CPU.Build.0 = Debug|Any CPU
		{AEB198E0-C07B-4F62-AECA-C5C716C26F85}.Debug|x64.ActiveCfg = Debug|Any CPU
		{AEB198E0-C07B-4F62-AECA-C5C716C26F85}.Debug|x64.Build.0 = Debug|Any CPU
		{AEB198E0-C07B-4F62-AECA-C5C716C26F85}.Debug|x86.ActiveCfg = Debug|Any CPU
		{AEB198E0-C07B-4F62-AECA-C5C716C26F85}.Debug|x86.Build.0 = Debug|Any CPU
		{AEB198E0-C07B-4F62-AECA-C5C716C26F85}.Release|Any CPU.ActiveCfg = Release|Any CPU
		{AEB198E0-C07B-4F62-AECA-C5C716C26F85}.Release|Any CPU.Build.0 = Release|Any CPU
		{AEB198E0-C07B-4F62-AECA-C5C716C26F85}.Release|x64.ActiveCfg = Release|Any CPU
		{AEB198E0-C07B-4F62-AECA-C5C716C26F85}.Release|x64.Build.0 = Release|Any CPU
		{AEB198E0-C07B-4F62-AECA-C5C716C26F85}.Release|x86.ActiveCfg = Release|Any CPU
		{AEB198E0-C07B-4F62-AECA-C5C716C26F85}.Release|x86.Build.0 = Release|Any CPU
		{5E748DC7-C52B-4428-9605-2FF2258503B3}.Debug|Any CPU.ActiveCfg = Debug|Any CPU
		{5E748DC7-C52B-4428-9605-2FF2258503B3}.Debug|Any CPU.Build.0 = Debug|Any CPU
		{5E748DC7-C52B-4428-9605-2FF2258503B3}.Debug|x64.ActiveCfg = Debug|Any CPU
		{5E748DC7-C52B-4428-9605-2FF2258503B3}.Debug|x64.Build.0 = Debug|Any CPU
		{5E748DC7-C52B-4428-9605-2FF2258503B3}.Debug|x86.ActiveCfg = Debug|Any CPU
		{5E748DC7-C52B-4428-9605-2FF2258503B3}.Debug|x86.Build.0 = Debug|Any CPU
		{5E748DC7-C52B-4428-9605-2FF2258503B3}.Release|Any CPU.ActiveCfg = Release|Any CPU
		{5E748DC7-C52B-4428-9605-2FF2258503B3}.Release|Any CPU.Build.0 = Release|Any CPU
		{5E748DC7-C52B-4428-9605-2FF2258503B3}.Release|x64.ActiveCfg = Release|Any CPU
		{5E748DC7-C52B-4428-9605-2FF2258503B3}.Release|x64.Build.0 = Release|Any CPU
		{5E748DC7-C52B-4428-9605-2FF2258503B3}.Release|x86.ActiveCfg = Release|Any CPU
		{5E748DC7-C52B-4428-9605-2FF2258503B3}.Release|x86.Build.0 = Release|Any CPU
		{8A2523E9-D1FE-45CA-B1C4-EFC5049C8F78}.Debug|Any CPU.ActiveCfg = Debug|Any CPU
		{8A2523E9-D1FE-45CA-B1C4-EFC5049C8F78}.Debug|Any CPU.Build.0 = Debug|Any CPU
		{8A2523E9-D1FE-45CA-B1C4-EFC5049C8F78}.Debug|x64.ActiveCfg = Debug|Any CPU
		{8A2523E9-D1FE-45CA-B1C4-EFC5049C8F78}.Debug|x64.Build.0 = Debug|Any CPU
		{8A2523E9-D1FE-45CA-B1C4-EFC5049C8F78}.Debug|x86.ActiveCfg = Debug|Any CPU
		{8A2523E9-D1FE-45CA-B1C4-EFC5049C8F78}.Debug|x86.Build.0 = Debug|Any CPU
		{8A2523E9-D1FE-45CA-B1C4-EFC5049C8F78}.Release|Any CPU.ActiveCfg = Release|Any CPU
		{8A2523E9-D1FE-45CA-B1C4-EFC5049C8F78}.Release|Any CPU.Build.0 = Release|Any CPU
		{8A2523E9-D1FE-45CA-B1C4-EFC5049C8F78}.Release|x64.ActiveCfg = Release|Any CPU
		{8A2523E9-D1FE-45CA-B1C4-EFC5049C8F78}.Release|x64.Build.0 = Release|Any CPU
		{8A2523E9-D1FE-45CA-B1C4-EFC5049C8F78}.Release|x86.ActiveCfg = Release|Any CPU
		{8A2523E9-D1FE-45CA-B1C4-EFC5049C8F78}.Release|x86.Build.0 = Release|Any CPU
		{E50BC64A-18F3-47CC-9DC5-55B86F4FC36D}.Debug|Any CPU.ActiveCfg = Debug|Any CPU
		{E50BC64A-18F3-47CC-9DC5-55B86F4FC36D}.Debug|Any CPU.Build.0 = Debug|Any CPU
		{E50BC64A-18F3-47CC-9DC5-55B86F4FC36D}.Debug|x64.ActiveCfg = Debug|Any CPU
		{E50BC64A-18F3-47CC-9DC5-55B86F4FC36D}.Debug|x64.Build.0 = Debug|Any CPU
		{E50BC64A-18F3-47CC-9DC5-55B86F4FC36D}.Debug|x86.ActiveCfg = Debug|Any CPU
		{E50BC64A-18F3-47CC-9DC5-55B86F4FC36D}.Debug|x86.Build.0 = Debug|Any CPU
		{E50BC64A-18F3-47CC-9DC5-55B86F4FC36D}.Release|Any CPU.ActiveCfg = Release|Any CPU
		{E50BC64A-18F3-47CC-9DC5-55B86F4FC36D}.Release|Any CPU.Build.0 = Release|Any CPU
		{E50BC64A-18F3-47CC-9DC5-55B86F4FC36D}.Release|x64.ActiveCfg = Release|Any CPU
		{E50BC64A-18F3-47CC-9DC5-55B86F4FC36D}.Release|x64.Build.0 = Release|Any CPU
		{E50BC64A-18F3-47CC-9DC5-55B86F4FC36D}.Release|x86.ActiveCfg = Release|Any CPU
		{E50BC64A-18F3-47CC-9DC5-55B86F4FC36D}.Release|x86.Build.0 = Release|Any CPU
		{EEF2A3F8-F88D-4F7F-951F-F914DC47C7F1}.Debug|Any CPU.ActiveCfg = Debug|Any CPU
		{EEF2A3F8-F88D-4F7F-951F-F914DC47C7F1}.Debug|Any CPU.Build.0 = Debug|Any CPU
		{EEF2A3F8-F88D-4F7F-951F-F914DC47C7F1}.Debug|x64.ActiveCfg = Debug|Any CPU
		{EEF2A3F8-F88D-4F7F-951F-F914DC47C7F1}.Debug|x64.Build.0 = Debug|Any CPU
		{EEF2A3F8-F88D-4F7F-951F-F914DC47C7F1}.Debug|x86.ActiveCfg = Debug|Any CPU
		{EEF2A3F8-F88D-4F7F-951F-F914DC47C7F1}.Debug|x86.Build.0 = Debug|Any CPU
		{EEF2A3F8-F88D-4F7F-951F-F914DC47C7F1}.Release|Any CPU.ActiveCfg = Release|Any CPU
		{EEF2A3F8-F88D-4F7F-951F-F914DC47C7F1}.Release|Any CPU.Build.0 = Release|Any CPU
		{EEF2A3F8-F88D-4F7F-951F-F914DC47C7F1}.Release|x64.ActiveCfg = Release|Any CPU
		{EEF2A3F8-F88D-4F7F-951F-F914DC47C7F1}.Release|x64.Build.0 = Release|Any CPU
		{EEF2A3F8-F88D-4F7F-951F-F914DC47C7F1}.Release|x86.ActiveCfg = Release|Any CPU
		{EEF2A3F8-F88D-4F7F-951F-F914DC47C7F1}.Release|x86.Build.0 = Release|Any CPU
		{SHAREDDbTESTS_GUID}.Debug|Any CPU.ActiveCfg = Debug|Any CPU
		{SHAREDDbTESTS_GUID}.Debug|Any CPU.Build.0 = Debug|Any CPU
		{SHAREDDbTESTS_GUID}.Debug|x64.ActiveCfg = Debug|Any CPU
		{SHAREDDbTESTS_GUID}.Debug|x64.Build.0 = Debug|Any CPU
		{SHAREDDbTESTS_GUID}.Debug|x86.ActiveCfg = Debug|Any CPU
		{SHAREDDbTESTS_GUID}.Debug|x86.Build.0 = Debug|Any CPU
		{SHAREDDbTESTS_GUID}.Release|Any CPU.ActiveCfg = Release|Any CPU
		{SHAREDDbTESTS_GUID}.Release|Any CPU.Build.0 = Release|Any CPU
		{SHAREDDbTESTS_GUID}.Release|x64.ActiveCfg = Release|Any CPU
		{SHAREDDbTESTS_GUID}.Release|x64.Build.0 = Release|Any CPU
		{SHAREDDbTESTS_GUID}.Release|x86.ActiveCfg = Release|Any CPU
		{SHAREDDbTESTS_GUID}.Release|x86.Build.0 = Release|Any CPU
		{D33EB324-6E2A-4F9A-9C02-470CAF77E3D7}.Debug|Any CPU.ActiveCfg = Debug|Any CPU
		{D33EB324-6E2A-4F9A-9C02-470CAF77E3D7}.Debug|Any CPU.Build.0 = Debug|Any CPU
		{D33EB324-6E2A-4F9A-9C02-470CAF77E3D7}.Debug|x64.ActiveCfg = Debug|Any CPU
		{D33EB324-6E2A-4F9A-9C02-470CAF77E3D7}.Debug|x64.Build.0 = Debug|Any CPU
		{D33EB324-6E2A-4F9A-9C02-470CAF77E3D7}.Debug|x86.ActiveCfg = Debug|Any CPU
		{D33EB324-6E2A-4F9A-9C02-470CAF77E3D7}.Debug|x86.Build.0 = Debug|Any CPU
		{D33EB324-6E2A-4F9A-9C02-470CAF77E3D7}.Release|Any CPU.ActiveCfg = Release|Any CPU
		{D33EB324-6E2A-4F9A-9C02-470CAF77E3D7}.Release|Any CPU.Build.0 = Release|Any CPU
		{D33EB324-6E2A-4F9A-9C02-470CAF77E3D7}.Release|x64.ActiveCfg = Release|Any CPU
		{D33EB324-6E2A-4F9A-9C02-470CAF77E3D7}.Release|x64.Build.0 = Release|Any CPU
		{D33EB324-6E2A-4F9A-9C02-470CAF77E3D7}.Release|x86.ActiveCfg = Release|Any CPU
		{D33EB324-6E2A-4F9A-9C02-470CAF77E3D7}.Release|x86.Build.0 = Release|Any CPU
		{B2FFBDF4-A7AE-45EA-9628-8D29B530C808}.Debug|Any CPU.ActiveCfg = Debug|Any CPU
		{B2FFBDF4-A7AE-45EA-9628-8D29B530C808}.Debug|Any CPU.Build.0 = Debug|Any CPU
		{B2FFBDF4-A7AE-45EA-9628-8D29B530C808}.Debug|x64.ActiveCfg = Debug|Any CPU
		{B2FFBDF4-A7AE-45EA-9628-8D29B530C808}.Debug|x64.Build.0 = Debug|Any CPU
		{B2FFBDF4-A7AE-45EA-9628-8D29B530C808}.Debug|x86.ActiveCfg = Debug|Any CPU
		{B2FFBDF4-A7AE-45EA-9628-8D29B530C808}.Debug|x86.Build.0 = Debug|Any CPU
		{B2FFBDF4-A7AE-45EA-9628-8D29B530C808}.Release|Any CPU.ActiveCfg = Release|Any CPU
		{B2FFBDF4-A7AE-45EA-9628-8D29B530C808}.Release|Any CPU.Build.0 = Release|Any CPU
		{B2FFBDF4-A7AE-45EA-9628-8D29B530C808}.Release|x64.ActiveCfg = Release|Any CPU
		{B2FFBDF4-A7AE-45EA-9628-8D29B530C808}.Release|x64.Build.0 = Release|Any CPU
		{B2FFBDF4-A7AE-45EA-9628-8D29B530C808}.Release|x86.ActiveCfg = Release|Any CPU
		{B2FFBDF4-A7AE-45EA-9628-8D29B530C808}.Release|x86.Build.0 = Release|Any CPU
		{B7B09539-5E6D-41D5-988C-AFE76E6FCBA3}.Debug|Any CPU.ActiveCfg = Debug|Any CPU
		{B7B09539-5E6D-41D5-988C-AFE76E6FCBA3}.Debug|Any CPU.Build.0 = Debug|Any CPU
		{B7B09539-5E6D-41D5-988C-AFE76E6FCBA3}.Debug|x64.ActiveCfg = Debug|Any CPU
		{B7B09539-5E6D-41D5-988C-AFE76E6FCBA3}.Debug|x64.Build.0 = Debug|Any CPU
		{B7B09539-5E6D-41D5-988C-AFE76E6FCBA3}.Debug|x86.ActiveCfg = Debug|Any CPU
		{B7B09539-5E6D-41D5-988C-AFE76E6FCBA3}.Debug|x86.Build.0 = Debug|Any CPU
		{B7B09539-5E6D-41D5-988C-AFE76E6FCBA3}.Release|Any CPU.ActiveCfg = Release|Any CPU
		{B7B09539-5E6D-41D5-988C-AFE76E6FCBA3}.Release|Any CPU.Build.0 = Release|Any CPU
		{B7B09539-5E6D-41D5-988C-AFE76E6FCBA3}.Release|x64.ActiveCfg = Release|Any CPU
		{B7B09539-5E6D-41D5-988C-AFE76E6FCBA3}.Release|x64.Build.0 = Release|Any CPU
		{B7B09539-5E6D-41D5-988C-AFE76E6FCBA3}.Release|x86.ActiveCfg = Release|Any CPU
		{B7B09539-5E6D-41D5-988C-AFE76E6FCBA3}.Release|x86.Build.0 = Release|Any CPU
		{77DD9C87-89DB-46D1-AE49-7B0F4201D8C4}.Debug|Any CPU.ActiveCfg = Debug|Any CPU
		{77DD9C87-89DB-46D1-AE49-7B0F4201D8C4}.Debug|Any CPU.Build.0 = Debug|Any CPU
		{77DD9C87-89DB-46D1-AE49-7B0F4201D8C4}.Debug|x64.ActiveCfg = Debug|Any CPU
		{77DD9C87-89DB-46D1-AE49-7B0F4201D8C4}.Debug|x64.Build.0 = Debug|Any CPU
		{77DD9C87-89DB-46D1-AE49-7B0F4201D8C4}.Debug|x86.ActiveCfg = Debug|Any CPU
		{77DD9C87-89DB-46D1-AE49-7B0F4201D8C4}.Debug|x86.Build.0 = Debug|Any CPU
		{77DD9C87-89DB-46D1-AE49-7B0F4201D8C4}.Release|Any CPU.ActiveCfg = Release|Any CPU
		{77DD9C87-89DB-46D1-AE49-7B0F4201D8C4}.Release|Any CPU.Build.0 = Release|Any CPU
		{77DD9C87-89DB-46D1-AE49-7B0F4201D8C4}.Release|x64.ActiveCfg = Release|Any CPU
		{77DD9C87-89DB-46D1-AE49-7B0F4201D8C4}.Release|x64.Build.0 = Release|Any CPU
		{77DD9C87-89DB-46D1-AE49-7B0F4201D8C4}.Release|x86.ActiveCfg = Release|Any CPU
		{77DD9C87-89DB-46D1-AE49-7B0F4201D8C4}.Release|x86.Build.0 = Release|Any CPU
		{A22C13D6-FCE7-4AAD-9C62-0A864AC2CF7E}.Debug|Any CPU.ActiveCfg = Debug|Any CPU
		{A22C13D6-FCE7-4AAD-9C62-0A864AC2CF7E}.Debug|Any CPU.Build.0 = Debug|Any CPU
		{A22C13D6-FCE7-4AAD-9C62-0A864AC2CF7E}.Debug|x64.ActiveCfg = Debug|Any CPU
		{A22C13D6-FCE7-4AAD-9C62-0A864AC2CF7E}.Debug|x64.Build.0 = Debug|Any CPU
		{A22C13D6-FCE7-4AAD-9C62-0A864AC2CF7E}.Debug|x86.ActiveCfg = Debug|Any CPU
		{A22C13D6-FCE7-4AAD-9C62-0A864AC2CF7E}.Debug|x86.Build.0 = Debug|Any CPU
		{A22C13D6-FCE7-4AAD-9C62-0A864AC2CF7E}.Release|Any CPU.ActiveCfg = Release|Any CPU
		{A22C13D6-FCE7-4AAD-9C62-0A864AC2CF7E}.Release|Any CPU.Build.0 = Release|Any CPU
		{A22C13D6-FCE7-4AAD-9C62-0A864AC2CF7E}.Release|x64.ActiveCfg = Release|Any CPU
		{A22C13D6-FCE7-4AAD-9C62-0A864AC2CF7E}.Release|x64.Build.0 = Release|Any CPU
		{A22C13D6-FCE7-4AAD-9C62-0A864AC2CF7E}.Release|x86.ActiveCfg = Release|Any CPU
		{A22C13D6-FCE7-4AAD-9C62-0A864AC2CF7E}.Release|x86.Build.0 = Release|Any CPU
		{1506428D-864B-41E5-8973-42258086F419}.Debug|Any CPU.ActiveCfg = Debug|Any CPU
		{1506428D-864B-41E5-8973-42258086F419}.Debug|Any CPU.Build.0 = Debug|Any CPU
		{1506428D-864B-41E5-8973-42258086F419}.Debug|x64.ActiveCfg = Debug|Any CPU
		{1506428D-864B-41E5-8973-42258086F419}.Debug|x64.Build.0 = Debug|Any CPU
		{1506428D-864B-41E5-8973-42258086F419}.Debug|x86.ActiveCfg = Debug|Any CPU
		{1506428D-864B-41E5-8973-42258086F419}.Debug|x86.Build.0 = Debug|Any CPU
		{1506428D-864B-41E5-8973-42258086F419}.Release|Any CPU.ActiveCfg = Release|Any CPU
		{1506428D-864B-41E5-8973-42258086F419}.Release|Any CPU.Build.0 = Release|Any CPU
		{1506428D-864B-41E5-8973-42258086F419}.Release|x64.ActiveCfg = Release|Any CPU
		{1506428D-864B-41E5-8973-42258086F419}.Release|x64.Build.0 = Release|Any CPU
		{1506428D-864B-41E5-8973-42258086F419}.Release|x86.ActiveCfg = Release|Any CPU
		{1506428D-864B-41E5-8973-42258086F419}.Release|x86.Build.0 = Release|Any CPU
		{AD7B381E-3BA2-4401-870C-035351FC472C}.Debug|Any CPU.ActiveCfg = Debug|Any CPU
		{AD7B381E-3BA2-4401-870C-035351FC472C}.Debug|Any CPU.Build.0 = Debug|Any CPU
		{AD7B381E-3BA2-4401-870C-035351FC472C}.Debug|x64.ActiveCfg = Debug|Any CPU
		{AD7B381E-3BA2-4401-870C-035351FC472C}.Debug|x64.Build.0 = Debug|Any CPU
		{AD7B381E-3BA2-4401-870C-035351FC472C}.Debug|x86.ActiveCfg = Debug|Any CPU
		{AD7B381E-3BA2-4401-870C-035351FC472C}.Debug|x86.Build.0 = Debug|Any CPU
		{AD7B381E-3BA2-4401-870C-035351FC472C}.Release|Any CPU.ActiveCfg = Release|Any CPU
		{AD7B381E-3BA2-4401-870C-035351FC472C}.Release|Any CPU.Build.0 = Release|Any CPU
		{AD7B381E-3BA2-4401-870C-035351FC472C}.Release|x64.ActiveCfg = Release|Any CPU
		{AD7B381E-3BA2-4401-870C-035351FC472C}.Release|x64.Build.0 = Release|Any CPU
		{AD7B381E-3BA2-4401-870C-035351FC472C}.Release|x86.ActiveCfg = Release|Any CPU
		{AD7B381E-3BA2-4401-870C-035351FC472C}.Release|x86.Build.0 = Release|Any CPU
	EndGlobalSection
	GlobalSection(SolutionProperties) = preSolution
		HideSolutionNode = FALSE
	EndGlobalSection
	GlobalSection(NestedProjects) = preSolution
		{68F41728-25B9-4D52-A3A2-A60F27FB146B} = {C0229C78-FD7A-4142-877A-A09620D2A73D}
		{5E5F598B-9D57-4D4F-ACAE-58E94C996D95} = {C0229C78-FD7A-4142-877A-A09620D2A73D}
		{A4314153-2415-43C6-8996-2B276733C7F0} = {C0229C78-FD7A-4142-877A-A09620D2A73D}
		{BFDB1A0E-C24F-4B29-ABBD-71767FC5CB88} = {C0229C78-FD7A-4142-877A-A09620D2A73D}
		{1734E76D-4FAB-4CF8-8FE4-F84A51913DEF} = {C0229C78-FD7A-4142-877A-A09620D2A73D}
		{197CC97C-98CA-492A-83FE-17B076FAA91D} = {99AFF414-5249-4007-BA07-29D27F85042E}
		{38951015-6A1A-47DF-AD79-D5E68671F994} = {99AFF414-5249-4007-BA07-29D27F85042E}
		{36C835E5-3B1B-40EB-A876-CB58A241767D} = {99AFF414-5249-4007-BA07-29D27F85042E}
		{5C4A237F-39CD-4C11-8D3B-CFEF87958624} = {99AFF414-5249-4007-BA07-29D27F85042E}
		{2D2FACAE-8527-417C-8D05-D73042B7C10F} = {99AFF414-5249-4007-BA07-29D27F85042E}
		{309CF1C1-26C5-4360-9302-00324A644160} = {D9C435E1-85C4-4C01-94D0-5056E319A7F2}
		{FFA46BA0-2EA7-4595-8717-DE92A98EFF21} = {D9C435E1-85C4-4C01-94D0-5056E319A7F2}
		{82FC5EB3-9AE9-4BB6-8CDC-B5F95948915B} = {D9C435E1-85C4-4C01-94D0-5056E319A7F2}
		{50637CE7-22A8-4574-B43F-497FF888D7C1} = {D9C435E1-85C4-4C01-94D0-5056E319A7F2}
		{7F1F5506-0582-4243-A1E3-DCBF0DA2ABFF} = {D9C435E1-85C4-4C01-94D0-5056E319A7F2}
		{F3B53992-7224-46F5-997C-85DFADDF812B} = {25FF698D-7DBC-406F-B8E9-265196093EB1}
		{B16B67EB-C397-45CA-957B-25F9517D12CD} = {25FF698D-7DBC-406F-B8E9-265196093EB1}
		{8860B1C2-EB33-4902-BD6E-A4DA5E966050} = {25FF698D-7DBC-406F-B8E9-265196093EB1}
		{AC59EB90-E6A8-4EB6-B648-4EB06E3A3B9C} = {25FF698D-7DBC-406F-B8E9-265196093EB1}
		{82281A3E-269B-483B-9190-0F75D1642332} = {25FF698D-7DBC-406F-B8E9-265196093EB1}
		{2A0CB2C4-8BB6-4316-AC1C-9155594396A1} = {3BC75250-4370-4FB9-950B-8C299BCDFA93}
		{F50C5919-3CF3-4900-93F9-53366C8A485F} = {3BC75250-4370-4FB9-950B-8C299BCDFA93}
		{1F886124-5740-46DF-9558-B52A6092EA2E} = {3BC75250-4370-4FB9-950B-8C299BCDFA93}
		{782F4E38-DB1C-4037-8DC9-D6A07F4D9E9D} = {3BC75250-4370-4FB9-950B-8C299BCDFA93}
		{8D9D9DB5-1AAF-49B6-A5F5-F36F24FC1D50} = {E3FD5CB8-5005-4AE0-9668-140416108CBF}
		{ADF5D9ED-CFC3-4BB3-9B37-BACA1AA1E9E9} = {E3FD5CB8-5005-4AE0-9668-140416108CBF}
		{0E9F5E6A-4B6A-43E0-85A1-4CBD5E4BAD96} = {E3FD5CB8-5005-4AE0-9668-140416108CBF}
		{C5ADF990-A734-41E3-9398-3A4EB3AF39D2} = {E3FD5CB8-5005-4AE0-9668-140416108CBF}
		{43A76940-BED5-4D78-9B2A-CB055B25B2DE} = {93A59DC3-2D17-4E25-BA09-9FD4777007AF}
		{2846A21C-B440-4E66-9FA2-2136D6CD205E} = {42D98721-AE72-4E68-B2A2-D258D81A4037}
		{EDD5F6A8-F65E-4FF3-9045-1802F445CAC0} = {42D98721-AE72-4E68-B2A2-D258D81A4037}
		{BA3042A3-9598-4AFB-BEAA-187ADE524C1E} = {42D98721-AE72-4E68-B2A2-D258D81A4037}
		{56A29524-8C49-4EC8-B299-CC35500DFB71} = {42D98721-AE72-4E68-B2A2-D258D81A4037}
		{AEB198E0-C07B-4F62-AECA-C5C716C26F85} = {42D98721-AE72-4E68-B2A2-D258D81A4037}
		{5E748DC7-C52B-4428-9605-2FF2258503B3} = {C94105A3-0BD8-4A42-8F87-684EF67A9746}
		{E50BC64A-18F3-47CC-9DC5-55B86F4FC36D} = {C0229C78-FD7A-4142-877A-A09620D2A73D}
		{EEF2A3F8-F88D-4F7F-951F-F914DC47C7F1} = {C0229C78-FD7A-4142-877A-A09620D2A73D}
		{SHAREDDbTESTS_GUID} = {C0229C78-FD7A-4142-877A-A09620D2A73D}
		{SHAREDTOOL_GUID} = {C0229C78-FD7A-4142-877A-A09620D2A73D}
		{B2FFBDF4-A7AE-45EA-9628-8D29B530C808} = {C0229C78-FD7A-4142-877A-A09620D2A73D}
		{77DD9C87-89DB-46D1-AE49-7B0F4201D8C4} = {C94105A3-0BD8-4A42-8F87-684EF67A9746}
		{A22C13D6-FCE7-4AAD-9C62-0A864AC2CF7E} = {C94105A3-0BD8-4A42-8F87-684EF67A9746}
		{D33EB324-6E2A-4F9A-9C02-470CAF77E3D7} = {C94105A3-0BD8-4A42-8F87-684EF67A9746}
		{B7B09539-5E6D-41D5-988C-AFE76E6FCBA3} = {C94105A3-0BD8-4A42-8F87-684EF67A9746}
		{1506428D-864B-41E5-8973-42258086F419} = {C94105A3-0BD8-4A42-8F87-684EF67A9746}
		{AD7B381E-3BA2-4401-870C-035351FC472C} = {C94105A3-0BD8-4A42-8F87-684EF67A9746}
	EndGlobalSection
EndGlobal
